
Microsoft Visual Studio Solution File, Format Version 12.00
# Visual Studio 15
VisualStudioVersion = 15.0.26730.16
MinimumVisualStudioVersion = 10.0.40219.1
Project("{FAE04EC0-301F-11D3-BF4B-00C04F79EFBC}") = "AsystBussiness.Android", "AsystBussiness\AsystBussiness.Android\AsystBussiness.Android.csproj", "{04A65B08-A05E-439F-ADBF-9A7490AA4961}"
EndProject
Project("{FAE04EC0-301F-11D3-BF4B-00C04F79EFBC}") = "AsystBussiness", "AsystBussiness\AsystBussiness\AsystBussiness.csproj", "{DB1EB939-8630-48CE-9FEB-FAC67D044D35}"
EndProject
Project("{FAE04EC0-301F-11D3-BF4B-00C04F79EFBC}") = "AsystBussiness.iOS", "AsystBussiness\AsystBussiness.iOS\AsystBussiness.iOS.csproj", "{EF99F858-67DC-4630-A528-2118BB91D579}"
EndProject
Project("{FAE04EC0-301F-11D3-BF4B-00C04F79EFBC}") = "ColonyConcierge.APIData", "APIClient\APIData\ColonyConcierge.APIData\ColonyConcierge.APIData.csproj", "{B5324CBA-5C2F-42AE-B464-CEB8861959C6}"
EndProject
Project("{FAE04EC0-301F-11D3-BF4B-00C04F79EFBC}") = "ColonyConcierge.Client", "APIClient\ColonyConcierge.Client\ColonyConcierge.Client.csproj", "{53112BF6-0ACE-4A15-846C-13830FA2CD88}"
EndProject
Project("{FAE04EC0-301F-11D3-BF4B-00C04F79EFBC}") = "ColonyConcierge.Client.Droid", "APIClient\ColonyConcierge.Client.Droid\ColonyConcierge.Client.Droid.csproj", "{50B6435B-9FBC-4F59-B10E-693EB2067075}"
EndProject
Project("{D954291E-2A0B-460D-934E-DC6B0785DB48}") = "ColonyConcierge.Client.Shared", "APIClient\ColonyConcierge.Client.Shared\ColonyConcierge.Client.Shared.shproj", "{D1480490-9542-4F95-841F-2B316D65131D}"
EndProject
Project("{2150E333-8FDC-42A3-9474-1A3956D46DE8}") = "Binding", "Binding", "{CE47A75E-C4C1-4B12-B3C7-0B1E2032DEC0}"
EndProject
Project("{2150E333-8FDC-42A3-9474-1A3956D46DE8}") = "Android", "Android", "{77A6D5B1-E1F2-4D3D-9062-ADF0B46A254E}"
EndProject
Project("{2150E333-8FDC-42A3-9474-1A3956D46DE8}") = "iOS", "iOS", "{E4D1AD84-04D7-481A-95A8-7A290DFE0A93}"
EndProject
Project("{FAE04EC0-301F-11D3-BF4B-00C04F79EFBC}") = "Braintree.Api", "Braintree\Android\Braintree.Api\Braintree.Api.csproj", "{A0395902-57DF-4D25-AF61-57B29DCB6B84}"
EndProject
Project("{FAE04EC0-301F-11D3-BF4B-00C04F79EFBC}") = "Braintree.CardForm", "Braintree\Android\Braintree.CardForm\Braintree.CardForm.csproj", "{1BFA410B-1A87-4E83-B0B9-1A2B5F192663}"
EndProject
Project("{FAE04EC0-301F-11D3-BF4B-00C04F79EFBC}") = "Braintree.DropIn", "Braintree\Android\Braintree.DropIn\Braintree.DropIn.csproj", "{BD918597-1B79-4EBF-B4A2-3F2BE1F93BE2}"
EndProject
Project("{FAE04EC0-301F-11D3-BF4B-00C04F79EFBC}") = "BrainTree", "Braintree\iOS\BrainTree.csproj", "{3F6AE00C-6E00-4A9C-A3F5-43842AD84E21}"
EndProject
Global
	GlobalSection(SharedMSBuildProjectFiles) = preSolution
		APIClient\ColonyConcierge.Client.Shared\ColonyConcierge.Client.Shared.projitems*{50b6435b-9fbc-4f59-b10e-693eb2067075}*SharedItemsImports = 4
		APIClient\ColonyConcierge.Client.Shared\ColonyConcierge.Client.Shared.projitems*{d1480490-9542-4f95-841f-2b316d65131d}*SharedItemsImports = 13
	EndGlobalSection
	GlobalSection(SolutionConfigurationPlatforms) = preSolution
		Ad-Hoc|Any CPU = Ad-Hoc|Any CPU
		Ad-Hoc|ARM = Ad-Hoc|ARM
		Ad-Hoc|iPhone = Ad-Hoc|iPhone
		Ad-Hoc|iPhoneSimulator = Ad-Hoc|iPhoneSimulator
		Ad-Hoc|x64 = Ad-Hoc|x64
		Ad-Hoc|x86 = Ad-Hoc|x86
		AppStore|Any CPU = AppStore|Any CPU
		AppStore|ARM = AppStore|ARM
		AppStore|iPhone = AppStore|iPhone
		AppStore|iPhoneSimulator = AppStore|iPhoneSimulator
		AppStore|x64 = AppStore|x64
		AppStore|x86 = AppStore|x86
		Debug|Any CPU = Debug|Any CPU
		Debug|ARM = Debug|ARM
		Debug|iPhone = Debug|iPhone
		Debug|iPhoneSimulator = Debug|iPhoneSimulator
		Debug|x64 = Debug|x64
		Debug|x86 = Debug|x86
		Development|Any CPU = Development|Any CPU
		Development|ARM = Development|ARM
		Development|iPhone = Development|iPhone
		Development|iPhoneSimulator = Development|iPhoneSimulator
		Development|x64 = Development|x64
		Development|x86 = Development|x86
		Release|Any CPU = Release|Any CPU
		Release|ARM = Release|ARM
		Release|iPhone = Release|iPhone
		Release|iPhoneSimulator = Release|iPhoneSimulator
		Release|x64 = Release|x64
		Release|x86 = Release|x86
		Staging|Any CPU = Staging|Any CPU
		Staging|ARM = Staging|ARM
		Staging|iPhone = Staging|iPhone
		Staging|iPhoneSimulator = Staging|iPhoneSimulator
		Staging|x64 = Staging|x64
		Staging|x86 = Staging|x86
		Test|Any CPU = Test|Any CPU
		Test|ARM = Test|ARM
		Test|iPhone = Test|iPhone
		Test|iPhoneSimulator = Test|iPhoneSimulator
		Test|x64 = Test|x64
		Test|x86 = Test|x86
	EndGlobalSection
	GlobalSection(ProjectConfigurationPlatforms) = postSolution
		{04A65B08-A05E-439F-ADBF-9A7490AA4961}.Ad-Hoc|Any CPU.ActiveCfg = Release|Any CPU
		{04A65B08-A05E-439F-ADBF-9A7490AA4961}.Ad-Hoc|Any CPU.Build.0 = Release|Any CPU
		{04A65B08-A05E-439F-ADBF-9A7490AA4961}.Ad-Hoc|Any CPU.Deploy.0 = Release|Any CPU
		{04A65B08-A05E-439F-ADBF-9A7490AA4961}.Ad-Hoc|ARM.ActiveCfg = Release|Any CPU
		{04A65B08-A05E-439F-ADBF-9A7490AA4961}.Ad-Hoc|ARM.Build.0 = Release|Any CPU
		{04A65B08-A05E-439F-ADBF-9A7490AA4961}.Ad-Hoc|ARM.Deploy.0 = Release|Any CPU
		{04A65B08-A05E-439F-ADBF-9A7490AA4961}.Ad-Hoc|iPhone.ActiveCfg = Release|Any CPU
		{04A65B08-A05E-439F-ADBF-9A7490AA4961}.Ad-Hoc|iPhone.Build.0 = Release|Any CPU
		{04A65B08-A05E-439F-ADBF-9A7490AA4961}.Ad-Hoc|iPhone.Deploy.0 = Release|Any CPU
		{04A65B08-A05E-439F-ADBF-9A7490AA4961}.Ad-Hoc|iPhoneSimulator.ActiveCfg = Release|Any CPU
		{04A65B08-A05E-439F-ADBF-9A7490AA4961}.Ad-Hoc|iPhoneSimulator.Build.0 = Release|Any CPU
		{04A65B08-A05E-439F-ADBF-9A7490AA4961}.Ad-Hoc|iPhoneSimulator.Deploy.0 = Release|Any CPU
		{04A65B08-A05E-439F-ADBF-9A7490AA4961}.Ad-Hoc|x64.ActiveCfg = Release|Any CPU
		{04A65B08-A05E-439F-ADBF-9A7490AA4961}.Ad-Hoc|x64.Build.0 = Release|Any CPU
		{04A65B08-A05E-439F-ADBF-9A7490AA4961}.Ad-Hoc|x64.Deploy.0 = Release|Any CPU
		{04A65B08-A05E-439F-ADBF-9A7490AA4961}.Ad-Hoc|x86.ActiveCfg = Release|Any CPU
		{04A65B08-A05E-439F-ADBF-9A7490AA4961}.Ad-Hoc|x86.Build.0 = Release|Any CPU
		{04A65B08-A05E-439F-ADBF-9A7490AA4961}.Ad-Hoc|x86.Deploy.0 = Release|Any CPU
		{04A65B08-A05E-439F-ADBF-9A7490AA4961}.AppStore|Any CPU.ActiveCfg = Release|Any CPU
		{04A65B08-A05E-439F-ADBF-9A7490AA4961}.AppStore|Any CPU.Build.0 = Release|Any CPU
		{04A65B08-A05E-439F-ADBF-9A7490AA4961}.AppStore|Any CPU.Deploy.0 = Release|Any CPU
		{04A65B08-A05E-439F-ADBF-9A7490AA4961}.AppStore|ARM.ActiveCfg = Release|Any CPU
		{04A65B08-A05E-439F-ADBF-9A7490AA4961}.AppStore|ARM.Build.0 = Release|Any CPU
		{04A65B08-A05E-439F-ADBF-9A7490AA4961}.AppStore|ARM.Deploy.0 = Release|Any CPU
		{04A65B08-A05E-439F-ADBF-9A7490AA4961}.AppStore|iPhone.ActiveCfg = Release|Any CPU
		{04A65B08-A05E-439F-ADBF-9A7490AA4961}.AppStore|iPhone.Build.0 = Release|Any CPU
		{04A65B08-A05E-439F-ADBF-9A7490AA4961}.AppStore|iPhone.Deploy.0 = Release|Any CPU
		{04A65B08-A05E-439F-ADBF-9A7490AA4961}.AppStore|iPhoneSimulator.ActiveCfg = Release|Any CPU
		{04A65B08-A05E-439F-ADBF-9A7490AA4961}.AppStore|iPhoneSimulator.Build.0 = Release|Any CPU
		{04A65B08-A05E-439F-ADBF-9A7490AA4961}.AppStore|iPhoneSimulator.Deploy.0 = Release|Any CPU
		{04A65B08-A05E-439F-ADBF-9A7490AA4961}.AppStore|x64.ActiveCfg = Release|Any CPU
		{04A65B08-A05E-439F-ADBF-9A7490AA4961}.AppStore|x64.Build.0 = Release|Any CPU
		{04A65B08-A05E-439F-ADBF-9A7490AA4961}.AppStore|x64.Deploy.0 = Release|Any CPU
		{04A65B08-A05E-439F-ADBF-9A7490AA4961}.AppStore|x86.ActiveCfg = Release|Any CPU
		{04A65B08-A05E-439F-ADBF-9A7490AA4961}.AppStore|x86.Build.0 = Release|Any CPU
		{04A65B08-A05E-439F-ADBF-9A7490AA4961}.AppStore|x86.Deploy.0 = Release|Any CPU
		{04A65B08-A05E-439F-ADBF-9A7490AA4961}.Debug|Any CPU.ActiveCfg = Debug|Any CPU
		{04A65B08-A05E-439F-ADBF-9A7490AA4961}.Debug|Any CPU.Build.0 = Debug|Any CPU
		{04A65B08-A05E-439F-ADBF-9A7490AA4961}.Debug|Any CPU.Deploy.0 = Debug|Any CPU
		{04A65B08-A05E-439F-ADBF-9A7490AA4961}.Debug|ARM.ActiveCfg = Debug|Any CPU
		{04A65B08-A05E-439F-ADBF-9A7490AA4961}.Debug|ARM.Build.0 = Debug|Any CPU
		{04A65B08-A05E-439F-ADBF-9A7490AA4961}.Debug|ARM.Deploy.0 = Debug|Any CPU
		{04A65B08-A05E-439F-ADBF-9A7490AA4961}.Debug|iPhone.ActiveCfg = Debug|Any CPU
		{04A65B08-A05E-439F-ADBF-9A7490AA4961}.Debug|iPhone.Build.0 = Debug|Any CPU
		{04A65B08-A05E-439F-ADBF-9A7490AA4961}.Debug|iPhone.Deploy.0 = Debug|Any CPU
		{04A65B08-A05E-439F-ADBF-9A7490AA4961}.Debug|iPhoneSimulator.ActiveCfg = Debug|Any CPU
		{04A65B08-A05E-439F-ADBF-9A7490AA4961}.Debug|iPhoneSimulator.Build.0 = Debug|Any CPU
		{04A65B08-A05E-439F-ADBF-9A7490AA4961}.Debug|iPhoneSimulator.Deploy.0 = Debug|Any CPU
		{04A65B08-A05E-439F-ADBF-9A7490AA4961}.Debug|x64.ActiveCfg = Debug|Any CPU
		{04A65B08-A05E-439F-ADBF-9A7490AA4961}.Debug|x64.Build.0 = Debug|Any CPU
		{04A65B08-A05E-439F-ADBF-9A7490AA4961}.Debug|x64.Deploy.0 = Debug|Any CPU
		{04A65B08-A05E-439F-ADBF-9A7490AA4961}.Debug|x86.ActiveCfg = Debug|Any CPU
		{04A65B08-A05E-439F-ADBF-9A7490AA4961}.Debug|x86.Build.0 = Debug|Any CPU
		{04A65B08-A05E-439F-ADBF-9A7490AA4961}.Debug|x86.Deploy.0 = Debug|Any CPU
		{04A65B08-A05E-439F-ADBF-9A7490AA4961}.Development|Any CPU.ActiveCfg = Debug|Any CPU
		{04A65B08-A05E-439F-ADBF-9A7490AA4961}.Development|Any CPU.Build.0 = Debug|Any CPU
		{04A65B08-A05E-439F-ADBF-9A7490AA4961}.Development|Any CPU.Deploy.0 = Debug|Any CPU
		{04A65B08-A05E-439F-ADBF-9A7490AA4961}.Development|ARM.ActiveCfg = Debug|Any CPU
		{04A65B08-A05E-439F-ADBF-9A7490AA4961}.Development|ARM.Build.0 = Debug|Any CPU
		{04A65B08-A05E-439F-ADBF-9A7490AA4961}.Development|ARM.Deploy.0 = Debug|Any CPU
		{04A65B08-A05E-439F-ADBF-9A7490AA4961}.Development|iPhone.ActiveCfg = Debug|Any CPU
		{04A65B08-A05E-439F-ADBF-9A7490AA4961}.Development|iPhone.Build.0 = Debug|Any CPU
		{04A65B08-A05E-439F-ADBF-9A7490AA4961}.Development|iPhone.Deploy.0 = Debug|Any CPU
		{04A65B08-A05E-439F-ADBF-9A7490AA4961}.Development|iPhoneSimulator.ActiveCfg = Debug|Any CPU
		{04A65B08-A05E-439F-ADBF-9A7490AA4961}.Development|iPhoneSimulator.Build.0 = Debug|Any CPU
		{04A65B08-A05E-439F-ADBF-9A7490AA4961}.Development|iPhoneSimulator.Deploy.0 = Debug|Any CPU
		{04A65B08-A05E-439F-ADBF-9A7490AA4961}.Development|x64.ActiveCfg = Debug|Any CPU
		{04A65B08-A05E-439F-ADBF-9A7490AA4961}.Development|x64.Build.0 = Debug|Any CPU
		{04A65B08-A05E-439F-ADBF-9A7490AA4961}.Development|x64.Deploy.0 = Debug|Any CPU
		{04A65B08-A05E-439F-ADBF-9A7490AA4961}.Development|x86.ActiveCfg = Debug|Any CPU
		{04A65B08-A05E-439F-ADBF-9A7490AA4961}.Development|x86.Build.0 = Debug|Any CPU
		{04A65B08-A05E-439F-ADBF-9A7490AA4961}.Development|x86.Deploy.0 = Debug|Any CPU
		{04A65B08-A05E-439F-ADBF-9A7490AA4961}.Release|Any CPU.ActiveCfg = Release|Any CPU
		{04A65B08-A05E-439F-ADBF-9A7490AA4961}.Release|Any CPU.Build.0 = Release|Any CPU
		{04A65B08-A05E-439F-ADBF-9A7490AA4961}.Release|Any CPU.Deploy.0 = Release|Any CPU
		{04A65B08-A05E-439F-ADBF-9A7490AA4961}.Release|ARM.ActiveCfg = Release|Any CPU
		{04A65B08-A05E-439F-ADBF-9A7490AA4961}.Release|ARM.Build.0 = Release|Any CPU
		{04A65B08-A05E-439F-ADBF-9A7490AA4961}.Release|ARM.Deploy.0 = Release|Any CPU
		{04A65B08-A05E-439F-ADBF-9A7490AA4961}.Release|iPhone.ActiveCfg = Release|Any CPU
		{04A65B08-A05E-439F-ADBF-9A7490AA4961}.Release|iPhone.Build.0 = Release|Any CPU
		{04A65B08-A05E-439F-ADBF-9A7490AA4961}.Release|iPhone.Deploy.0 = Release|Any CPU
		{04A65B08-A05E-439F-ADBF-9A7490AA4961}.Release|iPhoneSimulator.ActiveCfg = Release|Any CPU
		{04A65B08-A05E-439F-ADBF-9A7490AA4961}.Release|iPhoneSimulator.Build.0 = Release|Any CPU
		{04A65B08-A05E-439F-ADBF-9A7490AA4961}.Release|iPhoneSimulator.Deploy.0 = Release|Any CPU
		{04A65B08-A05E-439F-ADBF-9A7490AA4961}.Release|x64.ActiveCfg = Release|Any CPU
		{04A65B08-A05E-439F-ADBF-9A7490AA4961}.Release|x64.Build.0 = Release|Any CPU
		{04A65B08-A05E-439F-ADBF-9A7490AA4961}.Release|x64.Deploy.0 = Release|Any CPU
		{04A65B08-A05E-439F-ADBF-9A7490AA4961}.Release|x86.ActiveCfg = Release|Any CPU
		{04A65B08-A05E-439F-ADBF-9A7490AA4961}.Release|x86.Build.0 = Release|Any CPU
		{04A65B08-A05E-439F-ADBF-9A7490AA4961}.Release|x86.Deploy.0 = Release|Any CPU
		{04A65B08-A05E-439F-ADBF-9A7490AA4961}.Staging|Any CPU.ActiveCfg = Release|Any CPU
		{04A65B08-A05E-439F-ADBF-9A7490AA4961}.Staging|Any CPU.Build.0 = Release|Any CPU
		{04A65B08-A05E-439F-ADBF-9A7490AA4961}.Staging|Any CPU.Deploy.0 = Release|Any CPU
		{04A65B08-A05E-439F-ADBF-9A7490AA4961}.Staging|ARM.ActiveCfg = Release|Any CPU
		{04A65B08-A05E-439F-ADBF-9A7490AA4961}.Staging|ARM.Build.0 = Release|Any CPU
		{04A65B08-A05E-439F-ADBF-9A7490AA4961}.Staging|ARM.Deploy.0 = Release|Any CPU
		{04A65B08-A05E-439F-ADBF-9A7490AA4961}.Staging|iPhone.ActiveCfg = Release|Any CPU
		{04A65B08-A05E-439F-ADBF-9A7490AA4961}.Staging|iPhone.Build.0 = Release|Any CPU
		{04A65B08-A05E-439F-ADBF-9A7490AA4961}.Staging|iPhone.Deploy.0 = Release|Any CPU
		{04A65B08-A05E-439F-ADBF-9A7490AA4961}.Staging|iPhoneSimulator.ActiveCfg = Release|Any CPU
		{04A65B08-A05E-439F-ADBF-9A7490AA4961}.Staging|iPhoneSimulator.Build.0 = Release|Any CPU
		{04A65B08-A05E-439F-ADBF-9A7490AA4961}.Staging|iPhoneSimulator.Deploy.0 = Release|Any CPU
		{04A65B08-A05E-439F-ADBF-9A7490AA4961}.Staging|x64.ActiveCfg = Release|Any CPU
		{04A65B08-A05E-439F-ADBF-9A7490AA4961}.Staging|x64.Build.0 = Release|Any CPU
		{04A65B08-A05E-439F-ADBF-9A7490AA4961}.Staging|x64.Deploy.0 = Release|Any CPU
		{04A65B08-A05E-439F-ADBF-9A7490AA4961}.Staging|x86.ActiveCfg = Release|Any CPU
		{04A65B08-A05E-439F-ADBF-9A7490AA4961}.Staging|x86.Build.0 = Release|Any CPU
		{04A65B08-A05E-439F-ADBF-9A7490AA4961}.Staging|x86.Deploy.0 = Release|Any CPU
		{04A65B08-A05E-439F-ADBF-9A7490AA4961}.Test|Any CPU.ActiveCfg = Release|Any CPU
		{04A65B08-A05E-439F-ADBF-9A7490AA4961}.Test|Any CPU.Build.0 = Release|Any CPU
		{04A65B08-A05E-439F-ADBF-9A7490AA4961}.Test|Any CPU.Deploy.0 = Release|Any CPU
		{04A65B08-A05E-439F-ADBF-9A7490AA4961}.Test|ARM.ActiveCfg = Release|Any CPU
		{04A65B08-A05E-439F-ADBF-9A7490AA4961}.Test|ARM.Build.0 = Release|Any CPU
		{04A65B08-A05E-439F-ADBF-9A7490AA4961}.Test|ARM.Deploy.0 = Release|Any CPU
		{04A65B08-A05E-439F-ADBF-9A7490AA4961}.Test|iPhone.ActiveCfg = Release|Any CPU
		{04A65B08-A05E-439F-ADBF-9A7490AA4961}.Test|iPhone.Build.0 = Release|Any CPU
		{04A65B08-A05E-439F-ADBF-9A7490AA4961}.Test|iPhone.Deploy.0 = Release|Any CPU
		{04A65B08-A05E-439F-ADBF-9A7490AA4961}.Test|iPhoneSimulator.ActiveCfg = Release|Any CPU
		{04A65B08-A05E-439F-ADBF-9A7490AA4961}.Test|iPhoneSimulator.Build.0 = Release|Any CPU
		{04A65B08-A05E-439F-ADBF-9A7490AA4961}.Test|iPhoneSimulator.Deploy.0 = Release|Any CPU
		{04A65B08-A05E-439F-ADBF-9A7490AA4961}.Test|x64.ActiveCfg = Release|Any CPU
		{04A65B08-A05E-439F-ADBF-9A7490AA4961}.Test|x64.Build.0 = Release|Any CPU
		{04A65B08-A05E-439F-ADBF-9A7490AA4961}.Test|x64.Deploy.0 = Release|Any CPU
		{04A65B08-A05E-439F-ADBF-9A7490AA4961}.Test|x86.ActiveCfg = Release|Any CPU
		{04A65B08-A05E-439F-ADBF-9A7490AA4961}.Test|x86.Build.0 = Release|Any CPU
		{04A65B08-A05E-439F-ADBF-9A7490AA4961}.Test|x86.Deploy.0 = Release|Any CPU
		{DB1EB939-8630-48CE-9FEB-FAC67D044D35}.Ad-Hoc|Any CPU.ActiveCfg = Release|Any CPU
		{DB1EB939-8630-48CE-9FEB-FAC67D044D35}.Ad-Hoc|Any CPU.Build.0 = Release|Any CPU
		{DB1EB939-8630-48CE-9FEB-FAC67D044D35}.Ad-Hoc|ARM.ActiveCfg = Release|Any CPU
		{DB1EB939-8630-48CE-9FEB-FAC67D044D35}.Ad-Hoc|ARM.Build.0 = Release|Any CPU
		{DB1EB939-8630-48CE-9FEB-FAC67D044D35}.Ad-Hoc|iPhone.ActiveCfg = Release|Any CPU
		{DB1EB939-8630-48CE-9FEB-FAC67D044D35}.Ad-Hoc|iPhone.Build.0 = Release|Any CPU
		{DB1EB939-8630-48CE-9FEB-FAC67D044D35}.Ad-Hoc|iPhoneSimulator.ActiveCfg = Release|Any CPU
		{DB1EB939-8630-48CE-9FEB-FAC67D044D35}.Ad-Hoc|iPhoneSimulator.Build.0 = Release|Any CPU
		{DB1EB939-8630-48CE-9FEB-FAC67D044D35}.Ad-Hoc|x64.ActiveCfg = Release|Any CPU
		{DB1EB939-8630-48CE-9FEB-FAC67D044D35}.Ad-Hoc|x64.Build.0 = Release|Any CPU
		{DB1EB939-8630-48CE-9FEB-FAC67D044D35}.Ad-Hoc|x86.ActiveCfg = Release|Any CPU
		{DB1EB939-8630-48CE-9FEB-FAC67D044D35}.Ad-Hoc|x86.Build.0 = Release|Any CPU
		{DB1EB939-8630-48CE-9FEB-FAC67D044D35}.AppStore|Any CPU.ActiveCfg = Release|Any CPU
		{DB1EB939-8630-48CE-9FEB-FAC67D044D35}.AppStore|Any CPU.Build.0 = Release|Any CPU
		{DB1EB939-8630-48CE-9FEB-FAC67D044D35}.AppStore|ARM.ActiveCfg = Release|Any CPU
		{DB1EB939-8630-48CE-9FEB-FAC67D044D35}.AppStore|ARM.Build.0 = Release|Any CPU
		{DB1EB939-8630-48CE-9FEB-FAC67D044D35}.AppStore|iPhone.ActiveCfg = Release|Any CPU
		{DB1EB939-8630-48CE-9FEB-FAC67D044D35}.AppStore|iPhone.Build.0 = Release|Any CPU
		{DB1EB939-8630-48CE-9FEB-FAC67D044D35}.AppStore|iPhoneSimulator.ActiveCfg = Release|Any CPU
		{DB1EB939-8630-48CE-9FEB-FAC67D044D35}.AppStore|iPhoneSimulator.Build.0 = Release|Any CPU
		{DB1EB939-8630-48CE-9FEB-FAC67D044D35}.AppStore|x64.ActiveCfg = Release|Any CPU
		{DB1EB939-8630-48CE-9FEB-FAC67D044D35}.AppStore|x64.Build.0 = Release|Any CPU
		{DB1EB939-8630-48CE-9FEB-FAC67D044D35}.AppStore|x86.ActiveCfg = Release|Any CPU
		{DB1EB939-8630-48CE-9FEB-FAC67D044D35}.AppStore|x86.Build.0 = Release|Any CPU
		{DB1EB939-8630-48CE-9FEB-FAC67D044D35}.Debug|Any CPU.ActiveCfg = Debug|Any CPU
		{DB1EB939-8630-48CE-9FEB-FAC67D044D35}.Debug|Any CPU.Build.0 = Debug|Any CPU
		{DB1EB939-8630-48CE-9FEB-FAC67D044D35}.Debug|ARM.ActiveCfg = Debug|Any CPU
		{DB1EB939-8630-48CE-9FEB-FAC67D044D35}.Debug|ARM.Build.0 = Debug|Any CPU
		{DB1EB939-8630-48CE-9FEB-FAC67D044D35}.Debug|iPhone.ActiveCfg = Debug|Any CPU
		{DB1EB939-8630-48CE-9FEB-FAC67D044D35}.Debug|iPhone.Build.0 = Debug|Any CPU
		{DB1EB939-8630-48CE-9FEB-FAC67D044D35}.Debug|iPhoneSimulator.ActiveCfg = Debug|Any CPU
		{DB1EB939-8630-48CE-9FEB-FAC67D044D35}.Debug|iPhoneSimulator.Build.0 = Debug|Any CPU
		{DB1EB939-8630-48CE-9FEB-FAC67D044D35}.Debug|x64.ActiveCfg = Debug|Any CPU
		{DB1EB939-8630-48CE-9FEB-FAC67D044D35}.Debug|x64.Build.0 = Debug|Any CPU
		{DB1EB939-8630-48CE-9FEB-FAC67D044D35}.Debug|x86.ActiveCfg = Debug|Any CPU
		{DB1EB939-8630-48CE-9FEB-FAC67D044D35}.Debug|x86.Build.0 = Debug|Any CPU
		{DB1EB939-8630-48CE-9FEB-FAC67D044D35}.Development|Any CPU.ActiveCfg = Debug|Any CPU
		{DB1EB939-8630-48CE-9FEB-FAC67D044D35}.Development|Any CPU.Build.0 = Debug|Any CPU
		{DB1EB939-8630-48CE-9FEB-FAC67D044D35}.Development|ARM.ActiveCfg = Debug|Any CPU
		{DB1EB939-8630-48CE-9FEB-FAC67D044D35}.Development|ARM.Build.0 = Debug|Any CPU
		{DB1EB939-8630-48CE-9FEB-FAC67D044D35}.Development|iPhone.ActiveCfg = Debug|Any CPU
		{DB1EB939-8630-48CE-9FEB-FAC67D044D35}.Development|iPhone.Build.0 = Debug|Any CPU
		{DB1EB939-8630-48CE-9FEB-FAC67D044D35}.Development|iPhoneSimulator.ActiveCfg = Debug|Any CPU
		{DB1EB939-8630-48CE-9FEB-FAC67D044D35}.Development|iPhoneSimulator.Build.0 = Debug|Any CPU
		{DB1EB939-8630-48CE-9FEB-FAC67D044D35}.Development|x64.ActiveCfg = Debug|Any CPU
		{DB1EB939-8630-48CE-9FEB-FAC67D044D35}.Development|x64.Build.0 = Debug|Any CPU
		{DB1EB939-8630-48CE-9FEB-FAC67D044D35}.Development|x86.ActiveCfg = Debug|Any CPU
		{DB1EB939-8630-48CE-9FEB-FAC67D044D35}.Development|x86.Build.0 = Debug|Any CPU
		{DB1EB939-8630-48CE-9FEB-FAC67D044D35}.Release|Any CPU.ActiveCfg = Release|Any CPU
		{DB1EB939-8630-48CE-9FEB-FAC67D044D35}.Release|Any CPU.Build.0 = Release|Any CPU
		{DB1EB939-8630-48CE-9FEB-FAC67D044D35}.Release|ARM.ActiveCfg = Release|Any CPU
		{DB1EB939-8630-48CE-9FEB-FAC67D044D35}.Release|ARM.Build.0 = Release|Any CPU
		{DB1EB939-8630-48CE-9FEB-FAC67D044D35}.Release|iPhone.ActiveCfg = Release|Any CPU
		{DB1EB939-8630-48CE-9FEB-FAC67D044D35}.Release|iPhone.Build.0 = Release|Any CPU
		{DB1EB939-8630-48CE-9FEB-FAC67D044D35}.Release|iPhoneSimulator.ActiveCfg = Release|Any CPU
		{DB1EB939-8630-48CE-9FEB-FAC67D044D35}.Release|iPhoneSimulator.Build.0 = Release|Any CPU
		{DB1EB939-8630-48CE-9FEB-FAC67D044D35}.Release|x64.ActiveCfg = Release|Any CPU
		{DB1EB939-8630-48CE-9FEB-FAC67D044D35}.Release|x64.Build.0 = Release|Any CPU
		{DB1EB939-8630-48CE-9FEB-FAC67D044D35}.Release|x86.ActiveCfg = Release|Any CPU
		{DB1EB939-8630-48CE-9FEB-FAC67D044D35}.Release|x86.Build.0 = Release|Any CPU
		{DB1EB939-8630-48CE-9FEB-FAC67D044D35}.Staging|Any CPU.ActiveCfg = Release|Any CPU
		{DB1EB939-8630-48CE-9FEB-FAC67D044D35}.Staging|Any CPU.Build.0 = Release|Any CPU
		{DB1EB939-8630-48CE-9FEB-FAC67D044D35}.Staging|ARM.ActiveCfg = Release|Any CPU
		{DB1EB939-8630-48CE-9FEB-FAC67D044D35}.Staging|ARM.Build.0 = Release|Any CPU
		{DB1EB939-8630-48CE-9FEB-FAC67D044D35}.Staging|iPhone.ActiveCfg = Release|Any CPU
		{DB1EB939-8630-48CE-9FEB-FAC67D044D35}.Staging|iPhone.Build.0 = Release|Any CPU
		{DB1EB939-8630-48CE-9FEB-FAC67D044D35}.Staging|iPhoneSimulator.ActiveCfg = Release|Any CPU
		{DB1EB939-8630-48CE-9FEB-FAC67D044D35}.Staging|iPhoneSimulator.Build.0 = Release|Any CPU
		{DB1EB939-8630-48CE-9FEB-FAC67D044D35}.Staging|x64.ActiveCfg = Release|Any CPU
		{DB1EB939-8630-48CE-9FEB-FAC67D044D35}.Staging|x64.Build.0 = Release|Any CPU
		{DB1EB939-8630-48CE-9FEB-FAC67D044D35}.Staging|x86.ActiveCfg = Release|Any CPU
		{DB1EB939-8630-48CE-9FEB-FAC67D044D35}.Staging|x86.Build.0 = Release|Any CPU
		{DB1EB939-8630-48CE-9FEB-FAC67D044D35}.Test|Any CPU.ActiveCfg = Release|Any CPU
		{DB1EB939-8630-48CE-9FEB-FAC67D044D35}.Test|Any CPU.Build.0 = Release|Any CPU
		{DB1EB939-8630-48CE-9FEB-FAC67D044D35}.Test|ARM.ActiveCfg = Release|Any CPU
		{DB1EB939-8630-48CE-9FEB-FAC67D044D35}.Test|ARM.Build.0 = Release|Any CPU
		{DB1EB939-8630-48CE-9FEB-FAC67D044D35}.Test|iPhone.ActiveCfg = Release|Any CPU
		{DB1EB939-8630-48CE-9FEB-FAC67D044D35}.Test|iPhone.Build.0 = Release|Any CPU
		{DB1EB939-8630-48CE-9FEB-FAC67D044D35}.Test|iPhoneSimulator.ActiveCfg = Release|Any CPU
		{DB1EB939-8630-48CE-9FEB-FAC67D044D35}.Test|iPhoneSimulator.Build.0 = Release|Any CPU
		{DB1EB939-8630-48CE-9FEB-FAC67D044D35}.Test|x64.ActiveCfg = Release|Any CPU
		{DB1EB939-8630-48CE-9FEB-FAC67D044D35}.Test|x64.Build.0 = Release|Any CPU
		{DB1EB939-8630-48CE-9FEB-FAC67D044D35}.Test|x86.ActiveCfg = Release|Any CPU
		{DB1EB939-8630-48CE-9FEB-FAC67D044D35}.Test|x86.Build.0 = Release|Any CPU
		{EF99F858-67DC-4630-A528-2118BB91D579}.Ad-Hoc|Any CPU.ActiveCfg = Ad-Hoc|iPhone
		{EF99F858-67DC-4630-A528-2118BB91D579}.Ad-Hoc|ARM.ActiveCfg = Ad-Hoc|iPhone
		{EF99F858-67DC-4630-A528-2118BB91D579}.Ad-Hoc|iPhone.ActiveCfg = Ad-Hoc|iPhone
		{EF99F858-67DC-4630-A528-2118BB91D579}.Ad-Hoc|iPhone.Build.0 = Ad-Hoc|iPhone
		{EF99F858-67DC-4630-A528-2118BB91D579}.Ad-Hoc|iPhoneSimulator.ActiveCfg = Ad-Hoc|iPhoneSimulator
		{EF99F858-67DC-4630-A528-2118BB91D579}.Ad-Hoc|iPhoneSimulator.Build.0 = Ad-Hoc|iPhoneSimulator
		{EF99F858-67DC-4630-A528-2118BB91D579}.Ad-Hoc|x64.ActiveCfg = Ad-Hoc|iPhone
		{EF99F858-67DC-4630-A528-2118BB91D579}.Ad-Hoc|x86.ActiveCfg = Ad-Hoc|iPhone
		{EF99F858-67DC-4630-A528-2118BB91D579}.AppStore|Any CPU.ActiveCfg = AppStore|iPhone
		{EF99F858-67DC-4630-A528-2118BB91D579}.AppStore|ARM.ActiveCfg = AppStore|iPhone
		{EF99F858-67DC-4630-A528-2118BB91D579}.AppStore|iPhone.ActiveCfg = AppStore|iPhone
		{EF99F858-67DC-4630-A528-2118BB91D579}.AppStore|iPhone.Build.0 = AppStore|iPhone
		{EF99F858-67DC-4630-A528-2118BB91D579}.AppStore|iPhoneSimulator.ActiveCfg = AppStore|iPhoneSimulator
		{EF99F858-67DC-4630-A528-2118BB91D579}.AppStore|iPhoneSimulator.Build.0 = AppStore|iPhoneSimulator
		{EF99F858-67DC-4630-A528-2118BB91D579}.AppStore|x64.ActiveCfg = AppStore|iPhone
		{EF99F858-67DC-4630-A528-2118BB91D579}.AppStore|x86.ActiveCfg = AppStore|iPhone
		{EF99F858-67DC-4630-A528-2118BB91D579}.Debug|Any CPU.ActiveCfg = Debug|iPhone
		{EF99F858-67DC-4630-A528-2118BB91D579}.Debug|ARM.ActiveCfg = Debug|iPhone
		{EF99F858-67DC-4630-A528-2118BB91D579}.Debug|iPhone.ActiveCfg = Debug|iPhone
		{EF99F858-67DC-4630-A528-2118BB91D579}.Debug|iPhone.Build.0 = Debug|iPhone
		{EF99F858-67DC-4630-A528-2118BB91D579}.Debug|iPhoneSimulator.ActiveCfg = Debug|iPhoneSimulator
		{EF99F858-67DC-4630-A528-2118BB91D579}.Debug|iPhoneSimulator.Build.0 = Debug|iPhoneSimulator
		{EF99F858-67DC-4630-A528-2118BB91D579}.Debug|x64.ActiveCfg = Debug|iPhone
		{EF99F858-67DC-4630-A528-2118BB91D579}.Debug|x86.ActiveCfg = Debug|iPhone
		{EF99F858-67DC-4630-A528-2118BB91D579}.Development|Any CPU.ActiveCfg = AppStore|iPhone
		{EF99F858-67DC-4630-A528-2118BB91D579}.Development|Any CPU.Build.0 = AppStore|iPhone
		{EF99F858-67DC-4630-A528-2118BB91D579}.Development|ARM.ActiveCfg = AppStore|iPhone
		{EF99F858-67DC-4630-A528-2118BB91D579}.Development|ARM.Build.0 = AppStore|iPhone
		{EF99F858-67DC-4630-A528-2118BB91D579}.Development|iPhone.ActiveCfg = Debug|iPhone
		{EF99F858-67DC-4630-A528-2118BB91D579}.Development|iPhone.Build.0 = Debug|iPhone
		{EF99F858-67DC-4630-A528-2118BB91D579}.Development|iPhoneSimulator.ActiveCfg = Debug|iPhoneSimulator
		{EF99F858-67DC-4630-A528-2118BB91D579}.Development|iPhoneSimulator.Build.0 = Debug|iPhoneSimulator
		{EF99F858-67DC-4630-A528-2118BB91D579}.Development|x64.ActiveCfg = AppStore|iPhone
		{EF99F858-67DC-4630-A528-2118BB91D579}.Development|x64.Build.0 = AppStore|iPhone
		{EF99F858-67DC-4630-A528-2118BB91D579}.Development|x86.ActiveCfg = AppStore|iPhone
		{EF99F858-67DC-4630-A528-2118BB91D579}.Development|x86.Build.0 = AppStore|iPhone
		{EF99F858-67DC-4630-A528-2118BB91D579}.Release|Any CPU.ActiveCfg = Release|iPhone
		{EF99F858-67DC-4630-A528-2118BB91D579}.Release|ARM.ActiveCfg = Release|iPhone
		{EF99F858-67DC-4630-A528-2118BB91D579}.Release|iPhone.ActiveCfg = Release|iPhone
		{EF99F858-67DC-4630-A528-2118BB91D579}.Release|iPhone.Build.0 = Release|iPhone
		{EF99F858-67DC-4630-A528-2118BB91D579}.Release|iPhoneSimulator.ActiveCfg = Release|iPhoneSimulator
		{EF99F858-67DC-4630-A528-2118BB91D579}.Release|iPhoneSimulator.Build.0 = Release|iPhoneSimulator
		{EF99F858-67DC-4630-A528-2118BB91D579}.Release|x64.ActiveCfg = Release|iPhone
		{EF99F858-67DC-4630-A528-2118BB91D579}.Release|x86.ActiveCfg = Release|iPhone
		{EF99F858-67DC-4630-A528-2118BB91D579}.Staging|Any CPU.ActiveCfg = AppStore|iPhone
		{EF99F858-67DC-4630-A528-2118BB91D579}.Staging|Any CPU.Build.0 = AppStore|iPhone
		{EF99F858-67DC-4630-A528-2118BB91D579}.Staging|ARM.ActiveCfg = AppStore|iPhone
		{EF99F858-67DC-4630-A528-2118BB91D579}.Staging|ARM.Build.0 = AppStore|iPhone
		{EF99F858-67DC-4630-A528-2118BB91D579}.Staging|iPhone.ActiveCfg = AppStore|iPhone
		{EF99F858-67DC-4630-A528-2118BB91D579}.Staging|iPhone.Build.0 = AppStore|iPhone
		{EF99F858-67DC-4630-A528-2118BB91D579}.Staging|iPhoneSimulator.ActiveCfg = AppStore|iPhoneSimulator
		{EF99F858-67DC-4630-A528-2118BB91D579}.Staging|iPhoneSimulator.Build.0 = AppStore|iPhoneSimulator
		{EF99F858-67DC-4630-A528-2118BB91D579}.Staging|x64.ActiveCfg = AppStore|iPhone
		{EF99F858-67DC-4630-A528-2118BB91D579}.Staging|x64.Build.0 = AppStore|iPhone
		{EF99F858-67DC-4630-A528-2118BB91D579}.Staging|x86.ActiveCfg = AppStore|iPhone
		{EF99F858-67DC-4630-A528-2118BB91D579}.Staging|x86.Build.0 = AppStore|iPhone
		{EF99F858-67DC-4630-A528-2118BB91D579}.Test|Any CPU.ActiveCfg = AppStore|iPhone
		{EF99F858-67DC-4630-A528-2118BB91D579}.Test|Any CPU.Build.0 = AppStore|iPhone
		{EF99F858-67DC-4630-A528-2118BB91D579}.Test|ARM.ActiveCfg = AppStore|iPhone
		{EF99F858-67DC-4630-A528-2118BB91D579}.Test|ARM.Build.0 = AppStore|iPhone
		{EF99F858-67DC-4630-A528-2118BB91D579}.Test|iPhone.ActiveCfg = AppStore|iPhone
		{EF99F858-67DC-4630-A528-2118BB91D579}.Test|iPhone.Build.0 = AppStore|iPhone
		{EF99F858-67DC-4630-A528-2118BB91D579}.Test|iPhoneSimulator.ActiveCfg = AppStore|iPhoneSimulator
		{EF99F858-67DC-4630-A528-2118BB91D579}.Test|iPhoneSimulator.Build.0 = AppStore|iPhoneSimulator
		{EF99F858-67DC-4630-A528-2118BB91D579}.Test|x64.ActiveCfg = AppStore|iPhone
		{EF99F858-67DC-4630-A528-2118BB91D579}.Test|x64.Build.0 = AppStore|iPhone
		{EF99F858-67DC-4630-A528-2118BB91D579}.Test|x86.ActiveCfg = AppStore|iPhone
		{EF99F858-67DC-4630-A528-2118BB91D579}.Test|x86.Build.0 = AppStore|iPhone
		{B5324CBA-5C2F-42AE-B464-CEB8861959C6}.Ad-Hoc|Any CPU.ActiveCfg = Test|Any CPU
		{B5324CBA-5C2F-42AE-B464-CEB8861959C6}.Ad-Hoc|Any CPU.Build.0 = Test|Any CPU
		{B5324CBA-5C2F-42AE-B464-CEB8861959C6}.Ad-Hoc|ARM.ActiveCfg = Test|Any CPU
		{B5324CBA-5C2F-42AE-B464-CEB8861959C6}.Ad-Hoc|ARM.Build.0 = Test|Any CPU
		{B5324CBA-5C2F-42AE-B464-CEB8861959C6}.Ad-Hoc|iPhone.ActiveCfg = Test|Any CPU
		{B5324CBA-5C2F-42AE-B464-CEB8861959C6}.Ad-Hoc|iPhone.Build.0 = Test|Any CPU
		{B5324CBA-5C2F-42AE-B464-CEB8861959C6}.Ad-Hoc|iPhoneSimulator.ActiveCfg = Test|Any CPU
		{B5324CBA-5C2F-42AE-B464-CEB8861959C6}.Ad-Hoc|iPhoneSimulator.Build.0 = Test|Any CPU
		{B5324CBA-5C2F-42AE-B464-CEB8861959C6}.Ad-Hoc|x64.ActiveCfg = Test|Any CPU
		{B5324CBA-5C2F-42AE-B464-CEB8861959C6}.Ad-Hoc|x64.Build.0 = Test|Any CPU
		{B5324CBA-5C2F-42AE-B464-CEB8861959C6}.Ad-Hoc|x86.ActiveCfg = Test|Any CPU
		{B5324CBA-5C2F-42AE-B464-CEB8861959C6}.Ad-Hoc|x86.Build.0 = Test|Any CPU
		{B5324CBA-5C2F-42AE-B464-CEB8861959C6}.AppStore|Any CPU.ActiveCfg = Test|Any CPU
		{B5324CBA-5C2F-42AE-B464-CEB8861959C6}.AppStore|Any CPU.Build.0 = Test|Any CPU
		{B5324CBA-5C2F-42AE-B464-CEB8861959C6}.AppStore|ARM.ActiveCfg = Test|Any CPU
		{B5324CBA-5C2F-42AE-B464-CEB8861959C6}.AppStore|ARM.Build.0 = Test|Any CPU
		{B5324CBA-5C2F-42AE-B464-CEB8861959C6}.AppStore|iPhone.ActiveCfg = Test|Any CPU
		{B5324CBA-5C2F-42AE-B464-CEB8861959C6}.AppStore|iPhone.Build.0 = Test|Any CPU
		{B5324CBA-5C2F-42AE-B464-CEB8861959C6}.AppStore|iPhoneSimulator.ActiveCfg = Test|Any CPU
		{B5324CBA-5C2F-42AE-B464-CEB8861959C6}.AppStore|iPhoneSimulator.Build.0 = Test|Any CPU
		{B5324CBA-5C2F-42AE-B464-CEB8861959C6}.AppStore|x64.ActiveCfg = Test|Any CPU
		{B5324CBA-5C2F-42AE-B464-CEB8861959C6}.AppStore|x64.Build.0 = Test|Any CPU
		{B5324CBA-5C2F-42AE-B464-CEB8861959C6}.AppStore|x86.ActiveCfg = Test|Any CPU
		{B5324CBA-5C2F-42AE-B464-CEB8861959C6}.AppStore|x86.Build.0 = Test|Any CPU
		{B5324CBA-5C2F-42AE-B464-CEB8861959C6}.Debug|Any CPU.ActiveCfg = Debug|Any CPU
		{B5324CBA-5C2F-42AE-B464-CEB8861959C6}.Debug|Any CPU.Build.0 = Debug|Any CPU
		{B5324CBA-5C2F-42AE-B464-CEB8861959C6}.Debug|ARM.ActiveCfg = Debug|Any CPU
		{B5324CBA-5C2F-42AE-B464-CEB8861959C6}.Debug|ARM.Build.0 = Debug|Any CPU
		{B5324CBA-5C2F-42AE-B464-CEB8861959C6}.Debug|iPhone.ActiveCfg = Debug|Any CPU
		{B5324CBA-5C2F-42AE-B464-CEB8861959C6}.Debug|iPhone.Build.0 = Debug|Any CPU
		{B5324CBA-5C2F-42AE-B464-CEB8861959C6}.Debug|iPhoneSimulator.ActiveCfg = Debug|Any CPU
		{B5324CBA-5C2F-42AE-B464-CEB8861959C6}.Debug|iPhoneSimulator.Build.0 = Debug|Any CPU
		{B5324CBA-5C2F-42AE-B464-CEB8861959C6}.Debug|x64.ActiveCfg = Debug|Any CPU
		{B5324CBA-5C2F-42AE-B464-CEB8861959C6}.Debug|x64.Build.0 = Debug|Any CPU
		{B5324CBA-5C2F-42AE-B464-CEB8861959C6}.Debug|x86.ActiveCfg = Debug|Any CPU
		{B5324CBA-5C2F-42AE-B464-CEB8861959C6}.Debug|x86.Build.0 = Debug|Any CPU
		{B5324CBA-5C2F-42AE-B464-CEB8861959C6}.Development|Any CPU.ActiveCfg = Development|Any CPU
		{B5324CBA-5C2F-42AE-B464-CEB8861959C6}.Development|Any CPU.Build.0 = Development|Any CPU
		{B5324CBA-5C2F-42AE-B464-CEB8861959C6}.Development|ARM.ActiveCfg = Development|Any CPU
		{B5324CBA-5C2F-42AE-B464-CEB8861959C6}.Development|ARM.Build.0 = Development|Any CPU
		{B5324CBA-5C2F-42AE-B464-CEB8861959C6}.Development|iPhone.ActiveCfg = Development|Any CPU
		{B5324CBA-5C2F-42AE-B464-CEB8861959C6}.Development|iPhone.Build.0 = Development|Any CPU
		{B5324CBA-5C2F-42AE-B464-CEB8861959C6}.Development|iPhoneSimulator.ActiveCfg = Development|Any CPU
		{B5324CBA-5C2F-42AE-B464-CEB8861959C6}.Development|iPhoneSimulator.Build.0 = Development|Any CPU
		{B5324CBA-5C2F-42AE-B464-CEB8861959C6}.Development|x64.ActiveCfg = Development|Any CPU
		{B5324CBA-5C2F-42AE-B464-CEB8861959C6}.Development|x64.Build.0 = Development|Any CPU
		{B5324CBA-5C2F-42AE-B464-CEB8861959C6}.Development|x86.ActiveCfg = Development|Any CPU
		{B5324CBA-5C2F-42AE-B464-CEB8861959C6}.Development|x86.Build.0 = Development|Any CPU
		{B5324CBA-5C2F-42AE-B464-CEB8861959C6}.Release|Any CPU.ActiveCfg = Release|Any CPU
		{B5324CBA-5C2F-42AE-B464-CEB8861959C6}.Release|Any CPU.Build.0 = Release|Any CPU
		{B5324CBA-5C2F-42AE-B464-CEB8861959C6}.Release|ARM.ActiveCfg = Release|Any CPU
		{B5324CBA-5C2F-42AE-B464-CEB8861959C6}.Release|ARM.Build.0 = Release|Any CPU
		{B5324CBA-5C2F-42AE-B464-CEB8861959C6}.Release|iPhone.ActiveCfg = Release|Any CPU
		{B5324CBA-5C2F-42AE-B464-CEB8861959C6}.Release|iPhone.Build.0 = Release|Any CPU
		{B5324CBA-5C2F-42AE-B464-CEB8861959C6}.Release|iPhoneSimulator.ActiveCfg = Release|Any CPU
		{B5324CBA-5C2F-42AE-B464-CEB8861959C6}.Release|iPhoneSimulator.Build.0 = Release|Any CPU
		{B5324CBA-5C2F-42AE-B464-CEB8861959C6}.Release|x64.ActiveCfg = Release|Any CPU
		{B5324CBA-5C2F-42AE-B464-CEB8861959C6}.Release|x64.Build.0 = Release|Any CPU
		{B5324CBA-5C2F-42AE-B464-CEB8861959C6}.Release|x86.ActiveCfg = Release|Any CPU
		{B5324CBA-5C2F-42AE-B464-CEB8861959C6}.Release|x86.Build.0 = Release|Any CPU
		{B5324CBA-5C2F-42AE-B464-CEB8861959C6}.Staging|Any CPU.ActiveCfg = Staging|Any CPU
		{B5324CBA-5C2F-42AE-B464-CEB8861959C6}.Staging|Any CPU.Build.0 = Staging|Any CPU
		{B5324CBA-5C2F-42AE-B464-CEB8861959C6}.Staging|ARM.ActiveCfg = Staging|Any CPU
		{B5324CBA-5C2F-42AE-B464-CEB8861959C6}.Staging|ARM.Build.0 = Staging|Any CPU
		{B5324CBA-5C2F-42AE-B464-CEB8861959C6}.Staging|iPhone.ActiveCfg = Staging|Any CPU
		{B5324CBA-5C2F-42AE-B464-CEB8861959C6}.Staging|iPhone.Build.0 = Staging|Any CPU
		{B5324CBA-5C2F-42AE-B464-CEB8861959C6}.Staging|iPhoneSimulator.ActiveCfg = Staging|Any CPU
		{B5324CBA-5C2F-42AE-B464-CEB8861959C6}.Staging|iPhoneSimulator.Build.0 = Staging|Any CPU
		{B5324CBA-5C2F-42AE-B464-CEB8861959C6}.Staging|x64.ActiveCfg = Staging|Any CPU
		{B5324CBA-5C2F-42AE-B464-CEB8861959C6}.Staging|x64.Build.0 = Staging|Any CPU
		{B5324CBA-5C2F-42AE-B464-CEB8861959C6}.Staging|x86.ActiveCfg = Staging|Any CPU
		{B5324CBA-5C2F-42AE-B464-CEB8861959C6}.Staging|x86.Build.0 = Staging|Any CPU
		{B5324CBA-5C2F-42AE-B464-CEB8861959C6}.Test|Any CPU.ActiveCfg = Test|Any CPU
		{B5324CBA-5C2F-42AE-B464-CEB8861959C6}.Test|Any CPU.Build.0 = Test|Any CPU
		{B5324CBA-5C2F-42AE-B464-CEB8861959C6}.Test|ARM.ActiveCfg = Test|Any CPU
		{B5324CBA-5C2F-42AE-B464-CEB8861959C6}.Test|ARM.Build.0 = Test|Any CPU
		{B5324CBA-5C2F-42AE-B464-CEB8861959C6}.Test|iPhone.ActiveCfg = Test|Any CPU
		{B5324CBA-5C2F-42AE-B464-CEB8861959C6}.Test|iPhone.Build.0 = Test|Any CPU
		{B5324CBA-5C2F-42AE-B464-CEB8861959C6}.Test|iPhoneSimulator.ActiveCfg = Test|Any CPU
		{B5324CBA-5C2F-42AE-B464-CEB8861959C6}.Test|iPhoneSimulator.Build.0 = Test|Any CPU
		{B5324CBA-5C2F-42AE-B464-CEB8861959C6}.Test|x64.ActiveCfg = Test|Any CPU
		{B5324CBA-5C2F-42AE-B464-CEB8861959C6}.Test|x64.Build.0 = Test|Any CPU
		{B5324CBA-5C2F-42AE-B464-CEB8861959C6}.Test|x86.ActiveCfg = Test|Any CPU
		{B5324CBA-5C2F-42AE-B464-CEB8861959C6}.Test|x86.Build.0 = Test|Any CPU
		{53112BF6-0ACE-4A15-846C-13830FA2CD88}.Ad-Hoc|Any CPU.ActiveCfg = Test|Any CPU
		{53112BF6-0ACE-4A15-846C-13830FA2CD88}.Ad-Hoc|Any CPU.Build.0 = Test|Any CPU
		{53112BF6-0ACE-4A15-846C-13830FA2CD88}.Ad-Hoc|ARM.ActiveCfg = Test|Any CPU
		{53112BF6-0ACE-4A15-846C-13830FA2CD88}.Ad-Hoc|ARM.Build.0 = Test|Any CPU
		{53112BF6-0ACE-4A15-846C-13830FA2CD88}.Ad-Hoc|iPhone.ActiveCfg = Test|Any CPU
		{53112BF6-0ACE-4A15-846C-13830FA2CD88}.Ad-Hoc|iPhone.Build.0 = Test|Any CPU
		{53112BF6-0ACE-4A15-846C-13830FA2CD88}.Ad-Hoc|iPhoneSimulator.ActiveCfg = Test|Any CPU
		{53112BF6-0ACE-4A15-846C-13830FA2CD88}.Ad-Hoc|iPhoneSimulator.Build.0 = Test|Any CPU
		{53112BF6-0ACE-4A15-846C-13830FA2CD88}.Ad-Hoc|x64.ActiveCfg = Test|Any CPU
		{53112BF6-0ACE-4A15-846C-13830FA2CD88}.Ad-Hoc|x64.Build.0 = Test|Any CPU
		{53112BF6-0ACE-4A15-846C-13830FA2CD88}.Ad-Hoc|x86.ActiveCfg = Test|Any CPU
		{53112BF6-0ACE-4A15-846C-13830FA2CD88}.Ad-Hoc|x86.Build.0 = Test|Any CPU
		{53112BF6-0ACE-4A15-846C-13830FA2CD88}.AppStore|Any CPU.ActiveCfg = Test|Any CPU
		{53112BF6-0ACE-4A15-846C-13830FA2CD88}.AppStore|Any CPU.Build.0 = Test|Any CPU
		{53112BF6-0ACE-4A15-846C-13830FA2CD88}.AppStore|ARM.ActiveCfg = Test|Any CPU
		{53112BF6-0ACE-4A15-846C-13830FA2CD88}.AppStore|ARM.Build.0 = Test|Any CPU
		{53112BF6-0ACE-4A15-846C-13830FA2CD88}.AppStore|iPhone.ActiveCfg = Test|Any CPU
		{53112BF6-0ACE-4A15-846C-13830FA2CD88}.AppStore|iPhone.Build.0 = Test|Any CPU
		{53112BF6-0ACE-4A15-846C-13830FA2CD88}.AppStore|iPhoneSimulator.ActiveCfg = Test|Any CPU
		{53112BF6-0ACE-4A15-846C-13830FA2CD88}.AppStore|iPhoneSimulator.Build.0 = Test|Any CPU
		{53112BF6-0ACE-4A15-846C-13830FA2CD88}.AppStore|x64.ActiveCfg = Test|Any CPU
		{53112BF6-0ACE-4A15-846C-13830FA2CD88}.AppStore|x64.Build.0 = Test|Any CPU
		{53112BF6-0ACE-4A15-846C-13830FA2CD88}.AppStore|x86.ActiveCfg = Test|Any CPU
		{53112BF6-0ACE-4A15-846C-13830FA2CD88}.AppStore|x86.Build.0 = Test|Any CPU
		{53112BF6-0ACE-4A15-846C-13830FA2CD88}.Debug|Any CPU.ActiveCfg = Debug|Any CPU
		{53112BF6-0ACE-4A15-846C-13830FA2CD88}.Debug|Any CPU.Build.0 = Debug|Any CPU
		{53112BF6-0ACE-4A15-846C-13830FA2CD88}.Debug|ARM.ActiveCfg = Debug|Any CPU
		{53112BF6-0ACE-4A15-846C-13830FA2CD88}.Debug|ARM.Build.0 = Debug|Any CPU
		{53112BF6-0ACE-4A15-846C-13830FA2CD88}.Debug|iPhone.ActiveCfg = Debug|Any CPU
		{53112BF6-0ACE-4A15-846C-13830FA2CD88}.Debug|iPhone.Build.0 = Debug|Any CPU
		{53112BF6-0ACE-4A15-846C-13830FA2CD88}.Debug|iPhoneSimulator.ActiveCfg = Debug|Any CPU
		{53112BF6-0ACE-4A15-846C-13830FA2CD88}.Debug|iPhoneSimulator.Build.0 = Debug|Any CPU
		{53112BF6-0ACE-4A15-846C-13830FA2CD88}.Debug|x64.ActiveCfg = Debug|Any CPU
		{53112BF6-0ACE-4A15-846C-13830FA2CD88}.Debug|x64.Build.0 = Debug|Any CPU
		{53112BF6-0ACE-4A15-846C-13830FA2CD88}.Debug|x86.ActiveCfg = Debug|Any CPU
		{53112BF6-0ACE-4A15-846C-13830FA2CD88}.Debug|x86.Build.0 = Debug|Any CPU
		{53112BF6-0ACE-4A15-846C-13830FA2CD88}.Development|Any CPU.ActiveCfg = Development|Any CPU
		{53112BF6-0ACE-4A15-846C-13830FA2CD88}.Development|Any CPU.Build.0 = Development|Any CPU
		{53112BF6-0ACE-4A15-846C-13830FA2CD88}.Development|ARM.ActiveCfg = Development|Any CPU
		{53112BF6-0ACE-4A15-846C-13830FA2CD88}.Development|ARM.Build.0 = Development|Any CPU
		{53112BF6-0ACE-4A15-846C-13830FA2CD88}.Development|iPhone.ActiveCfg = Development|Any CPU
		{53112BF6-0ACE-4A15-846C-13830FA2CD88}.Development|iPhone.Build.0 = Development|Any CPU
		{53112BF6-0ACE-4A15-846C-13830FA2CD88}.Development|iPhoneSimulator.ActiveCfg = Development|Any CPU
		{53112BF6-0ACE-4A15-846C-13830FA2CD88}.Development|iPhoneSimulator.Build.0 = Development|Any CPU
		{53112BF6-0ACE-4A15-846C-13830FA2CD88}.Development|x64.ActiveCfg = Development|Any CPU
		{53112BF6-0ACE-4A15-846C-13830FA2CD88}.Development|x64.Build.0 = Development|Any CPU
		{53112BF6-0ACE-4A15-846C-13830FA2CD88}.Development|x86.ActiveCfg = Development|Any CPU
		{53112BF6-0ACE-4A15-846C-13830FA2CD88}.Development|x86.Build.0 = Development|Any CPU
		{53112BF6-0ACE-4A15-846C-13830FA2CD88}.Release|Any CPU.ActiveCfg = Release|Any CPU
		{53112BF6-0ACE-4A15-846C-13830FA2CD88}.Release|Any CPU.Build.0 = Release|Any CPU
		{53112BF6-0ACE-4A15-846C-13830FA2CD88}.Release|ARM.ActiveCfg = Release|Any CPU
		{53112BF6-0ACE-4A15-846C-13830FA2CD88}.Release|ARM.Build.0 = Release|Any CPU
		{53112BF6-0ACE-4A15-846C-13830FA2CD88}.Release|iPhone.ActiveCfg = Release|Any CPU
		{53112BF6-0ACE-4A15-846C-13830FA2CD88}.Release|iPhone.Build.0 = Release|Any CPU
		{53112BF6-0ACE-4A15-846C-13830FA2CD88}.Release|iPhoneSimulator.ActiveCfg = Release|Any CPU
		{53112BF6-0ACE-4A15-846C-13830FA2CD88}.Release|iPhoneSimulator.Build.0 = Release|Any CPU
		{53112BF6-0ACE-4A15-846C-13830FA2CD88}.Release|x64.ActiveCfg = Release|Any CPU
		{53112BF6-0ACE-4A15-846C-13830FA2CD88}.Release|x64.Build.0 = Release|Any CPU
		{53112BF6-0ACE-4A15-846C-13830FA2CD88}.Release|x86.ActiveCfg = Release|Any CPU
		{53112BF6-0ACE-4A15-846C-13830FA2CD88}.Release|x86.Build.0 = Release|Any CPU
		{53112BF6-0ACE-4A15-846C-13830FA2CD88}.Staging|Any CPU.ActiveCfg = Staging|Any CPU
		{53112BF6-0ACE-4A15-846C-13830FA2CD88}.Staging|Any CPU.Build.0 = Staging|Any CPU
		{53112BF6-0ACE-4A15-846C-13830FA2CD88}.Staging|ARM.ActiveCfg = Staging|Any CPU
		{53112BF6-0ACE-4A15-846C-13830FA2CD88}.Staging|ARM.Build.0 = Staging|Any CPU
		{53112BF6-0ACE-4A15-846C-13830FA2CD88}.Staging|iPhone.ActiveCfg = Staging|Any CPU
		{53112BF6-0ACE-4A15-846C-13830FA2CD88}.Staging|iPhone.Build.0 = Staging|Any CPU
		{53112BF6-0ACE-4A15-846C-13830FA2CD88}.Staging|iPhoneSimulator.ActiveCfg = Staging|Any CPU
		{53112BF6-0ACE-4A15-846C-13830FA2CD88}.Staging|iPhoneSimulator.Build.0 = Staging|Any CPU
		{53112BF6-0ACE-4A15-846C-13830FA2CD88}.Staging|x64.ActiveCfg = Staging|Any CPU
		{53112BF6-0ACE-4A15-846C-13830FA2CD88}.Staging|x64.Build.0 = Staging|Any CPU
		{53112BF6-0ACE-4A15-846C-13830FA2CD88}.Staging|x86.ActiveCfg = Staging|Any CPU
		{53112BF6-0ACE-4A15-846C-13830FA2CD88}.Staging|x86.Build.0 = Staging|Any CPU
		{53112BF6-0ACE-4A15-846C-13830FA2CD88}.Test|Any CPU.ActiveCfg = Test|Any CPU
		{53112BF6-0ACE-4A15-846C-13830FA2CD88}.Test|Any CPU.Build.0 = Test|Any CPU
		{53112BF6-0ACE-4A15-846C-13830FA2CD88}.Test|ARM.ActiveCfg = Test|Any CPU
		{53112BF6-0ACE-4A15-846C-13830FA2CD88}.Test|ARM.Build.0 = Test|Any CPU
		{53112BF6-0ACE-4A15-846C-13830FA2CD88}.Test|iPhone.ActiveCfg = Test|Any CPU
		{53112BF6-0ACE-4A15-846C-13830FA2CD88}.Test|iPhone.Build.0 = Test|Any CPU
		{53112BF6-0ACE-4A15-846C-13830FA2CD88}.Test|iPhoneSimulator.ActiveCfg = Test|Any CPU
		{53112BF6-0ACE-4A15-846C-13830FA2CD88}.Test|iPhoneSimulator.Build.0 = Test|Any CPU
		{53112BF6-0ACE-4A15-846C-13830FA2CD88}.Test|x64.ActiveCfg = Test|Any CPU
		{53112BF6-0ACE-4A15-846C-13830FA2CD88}.Test|x64.Build.0 = Test|Any CPU
		{53112BF6-0ACE-4A15-846C-13830FA2CD88}.Test|x86.ActiveCfg = Test|Any CPU
		{53112BF6-0ACE-4A15-846C-13830FA2CD88}.Test|x86.Build.0 = Test|Any CPU
		{50B6435B-9FBC-4F59-B10E-693EB2067075}.Ad-Hoc|Any CPU.ActiveCfg = Test|Any CPU
		{50B6435B-9FBC-4F59-B10E-693EB2067075}.Ad-Hoc|Any CPU.Build.0 = Test|Any CPU
		{50B6435B-9FBC-4F59-B10E-693EB2067075}.Ad-Hoc|ARM.ActiveCfg = Test|Any CPU
		{50B6435B-9FBC-4F59-B10E-693EB2067075}.Ad-Hoc|ARM.Build.0 = Test|Any CPU
		{50B6435B-9FBC-4F59-B10E-693EB2067075}.Ad-Hoc|iPhone.ActiveCfg = Test|Any CPU
		{50B6435B-9FBC-4F59-B10E-693EB2067075}.Ad-Hoc|iPhone.Build.0 = Test|Any CPU
		{50B6435B-9FBC-4F59-B10E-693EB2067075}.Ad-Hoc|iPhoneSimulator.ActiveCfg = Test|Any CPU
		{50B6435B-9FBC-4F59-B10E-693EB2067075}.Ad-Hoc|iPhoneSimulator.Build.0 = Test|Any CPU
		{50B6435B-9FBC-4F59-B10E-693EB2067075}.Ad-Hoc|x64.ActiveCfg = Test|Any CPU
		{50B6435B-9FBC-4F59-B10E-693EB2067075}.Ad-Hoc|x64.Build.0 = Test|Any CPU
		{50B6435B-9FBC-4F59-B10E-693EB2067075}.Ad-Hoc|x86.ActiveCfg = Test|Any CPU
		{50B6435B-9FBC-4F59-B10E-693EB2067075}.Ad-Hoc|x86.Build.0 = Test|Any CPU
		{50B6435B-9FBC-4F59-B10E-693EB2067075}.AppStore|Any CPU.ActiveCfg = Test|Any CPU
		{50B6435B-9FBC-4F59-B10E-693EB2067075}.AppStore|Any CPU.Build.0 = Test|Any CPU
		{50B6435B-9FBC-4F59-B10E-693EB2067075}.AppStore|ARM.ActiveCfg = Test|Any CPU
		{50B6435B-9FBC-4F59-B10E-693EB2067075}.AppStore|ARM.Build.0 = Test|Any CPU
		{50B6435B-9FBC-4F59-B10E-693EB2067075}.AppStore|iPhone.ActiveCfg = Test|Any CPU
		{50B6435B-9FBC-4F59-B10E-693EB2067075}.AppStore|iPhone.Build.0 = Test|Any CPU
		{50B6435B-9FBC-4F59-B10E-693EB2067075}.AppStore|iPhoneSimulator.ActiveCfg = Test|Any CPU
		{50B6435B-9FBC-4F59-B10E-693EB2067075}.AppStore|iPhoneSimulator.Build.0 = Test|Any CPU
		{50B6435B-9FBC-4F59-B10E-693EB2067075}.AppStore|x64.ActiveCfg = Test|Any CPU
		{50B6435B-9FBC-4F59-B10E-693EB2067075}.AppStore|x64.Build.0 = Test|Any CPU
		{50B6435B-9FBC-4F59-B10E-693EB2067075}.AppStore|x86.ActiveCfg = Test|Any CPU
		{50B6435B-9FBC-4F59-B10E-693EB2067075}.AppStore|x86.Build.0 = Test|Any CPU
		{50B6435B-9FBC-4F59-B10E-693EB2067075}.Debug|Any CPU.ActiveCfg = Debug|Any CPU
		{50B6435B-9FBC-4F59-B10E-693EB2067075}.Debug|Any CPU.Build.0 = Debug|Any CPU
		{50B6435B-9FBC-4F59-B10E-693EB2067075}.Debug|ARM.ActiveCfg = Debug|Any CPU
		{50B6435B-9FBC-4F59-B10E-693EB2067075}.Debug|ARM.Build.0 = Debug|Any CPU
		{50B6435B-9FBC-4F59-B10E-693EB2067075}.Debug|iPhone.ActiveCfg = Debug|Any CPU
		{50B6435B-9FBC-4F59-B10E-693EB2067075}.Debug|iPhone.Build.0 = Debug|Any CPU
		{50B6435B-9FBC-4F59-B10E-693EB2067075}.Debug|iPhoneSimulator.ActiveCfg = Debug|Any CPU
		{50B6435B-9FBC-4F59-B10E-693EB2067075}.Debug|iPhoneSimulator.Build.0 = Debug|Any CPU
		{50B6435B-9FBC-4F59-B10E-693EB2067075}.Debug|x64.ActiveCfg = Debug|Any CPU
		{50B6435B-9FBC-4F59-B10E-693EB2067075}.Debug|x64.Build.0 = Debug|Any CPU
		{50B6435B-9FBC-4F59-B10E-693EB2067075}.Debug|x86.ActiveCfg = Debug|Any CPU
		{50B6435B-9FBC-4F59-B10E-693EB2067075}.Debug|x86.Build.0 = Debug|Any CPU
		{50B6435B-9FBC-4F59-B10E-693EB2067075}.Development|Any CPU.ActiveCfg = Development|Any CPU
		{50B6435B-9FBC-4F59-B10E-693EB2067075}.Development|Any CPU.Build.0 = Development|Any CPU
		{50B6435B-9FBC-4F59-B10E-693EB2067075}.Development|ARM.ActiveCfg = Development|Any CPU
		{50B6435B-9FBC-4F59-B10E-693EB2067075}.Development|ARM.Build.0 = Development|Any CPU
		{50B6435B-9FBC-4F59-B10E-693EB2067075}.Development|iPhone.ActiveCfg = Development|Any CPU
		{50B6435B-9FBC-4F59-B10E-693EB2067075}.Development|iPhone.Build.0 = Development|Any CPU
		{50B6435B-9FBC-4F59-B10E-693EB2067075}.Development|iPhoneSimulator.ActiveCfg = Development|Any CPU
		{50B6435B-9FBC-4F59-B10E-693EB2067075}.Development|iPhoneSimulator.Build.0 = Development|Any CPU
		{50B6435B-9FBC-4F59-B10E-693EB2067075}.Development|x64.ActiveCfg = Development|Any CPU
		{50B6435B-9FBC-4F59-B10E-693EB2067075}.Development|x64.Build.0 = Development|Any CPU
		{50B6435B-9FBC-4F59-B10E-693EB2067075}.Development|x86.ActiveCfg = Development|Any CPU
		{50B6435B-9FBC-4F59-B10E-693EB2067075}.Development|x86.Build.0 = Development|Any CPU
		{50B6435B-9FBC-4F59-B10E-693EB2067075}.Release|Any CPU.ActiveCfg = Release|Any CPU
		{50B6435B-9FBC-4F59-B10E-693EB2067075}.Release|Any CPU.Build.0 = Release|Any CPU
		{50B6435B-9FBC-4F59-B10E-693EB2067075}.Release|ARM.ActiveCfg = Release|Any CPU
		{50B6435B-9FBC-4F59-B10E-693EB2067075}.Release|ARM.Build.0 = Release|Any CPU
		{50B6435B-9FBC-4F59-B10E-693EB2067075}.Release|iPhone.ActiveCfg = Release|Any CPU
		{50B6435B-9FBC-4F59-B10E-693EB2067075}.Release|iPhone.Build.0 = Release|Any CPU
		{50B6435B-9FBC-4F59-B10E-693EB2067075}.Release|iPhoneSimulator.ActiveCfg = Release|Any CPU
		{50B6435B-9FBC-4F59-B10E-693EB2067075}.Release|iPhoneSimulator.Build.0 = Release|Any CPU
		{50B6435B-9FBC-4F59-B10E-693EB2067075}.Release|x64.ActiveCfg = Release|Any CPU
		{50B6435B-9FBC-4F59-B10E-693EB2067075}.Release|x64.Build.0 = Release|Any CPU
		{50B6435B-9FBC-4F59-B10E-693EB2067075}.Release|x86.ActiveCfg = Release|Any CPU
		{50B6435B-9FBC-4F59-B10E-693EB2067075}.Release|x86.Build.0 = Release|Any CPU
		{50B6435B-9FBC-4F59-B10E-693EB2067075}.Staging|Any CPU.ActiveCfg = Staging|Any CPU
		{50B6435B-9FBC-4F59-B10E-693EB2067075}.Staging|Any CPU.Build.0 = Staging|Any CPU
		{50B6435B-9FBC-4F59-B10E-693EB2067075}.Staging|ARM.ActiveCfg = Staging|Any CPU
		{50B6435B-9FBC-4F59-B10E-693EB2067075}.Staging|ARM.Build.0 = Staging|Any CPU
		{50B6435B-9FBC-4F59-B10E-693EB2067075}.Staging|iPhone.ActiveCfg = Staging|Any CPU
		{50B6435B-9FBC-4F59-B10E-693EB2067075}.Staging|iPhone.Build.0 = Staging|Any CPU
		{50B6435B-9FBC-4F59-B10E-693EB2067075}.Staging|iPhoneSimulator.ActiveCfg = Staging|Any CPU
		{50B6435B-9FBC-4F59-B10E-693EB2067075}.Staging|iPhoneSimulator.Build.0 = Staging|Any CPU
		{50B6435B-9FBC-4F59-B10E-693EB2067075}.Staging|x64.ActiveCfg = Staging|Any CPU
		{50B6435B-9FBC-4F59-B10E-693EB2067075}.Staging|x64.Build.0 = Staging|Any CPU
		{50B6435B-9FBC-4F59-B10E-693EB2067075}.Staging|x86.ActiveCfg = Staging|Any CPU
		{50B6435B-9FBC-4F59-B10E-693EB2067075}.Staging|x86.Build.0 = Staging|Any CPU
		{50B6435B-9FBC-4F59-B10E-693EB2067075}.Test|Any CPU.ActiveCfg = Test|Any CPU
		{50B6435B-9FBC-4F59-B10E-693EB2067075}.Test|Any CPU.Build.0 = Test|Any CPU
		{50B6435B-9FBC-4F59-B10E-693EB2067075}.Test|ARM.ActiveCfg = Test|Any CPU
		{50B6435B-9FBC-4F59-B10E-693EB2067075}.Test|ARM.Build.0 = Test|Any CPU
		{50B6435B-9FBC-4F59-B10E-693EB2067075}.Test|iPhone.ActiveCfg = Test|Any CPU
		{50B6435B-9FBC-4F59-B10E-693EB2067075}.Test|iPhone.Build.0 = Test|Any CPU
		{50B6435B-9FBC-4F59-B10E-693EB2067075}.Test|iPhoneSimulator.ActiveCfg = Test|Any CPU
		{50B6435B-9FBC-4F59-B10E-693EB2067075}.Test|iPhoneSimulator.Build.0 = Test|Any CPU
		{50B6435B-9FBC-4F59-B10E-693EB2067075}.Test|x64.ActiveCfg = Test|Any CPU
		{50B6435B-9FBC-4F59-B10E-693EB2067075}.Test|x64.Build.0 = Test|Any CPU
		{50B6435B-9FBC-4F59-B10E-693EB2067075}.Test|x86.ActiveCfg = Test|Any CPU
		{50B6435B-9FBC-4F59-B10E-693EB2067075}.Test|x86.Build.0 = Test|Any CPU
		{A0395902-57DF-4D25-AF61-57B29DCB6B84}.Ad-Hoc|Any CPU.ActiveCfg = Release|Any CPU
		{A0395902-57DF-4D25-AF61-57B29DCB6B84}.Ad-Hoc|Any CPU.Build.0 = Release|Any CPU
		{A0395902-57DF-4D25-AF61-57B29DCB6B84}.Ad-Hoc|ARM.ActiveCfg = Release|Any CPU
		{A0395902-57DF-4D25-AF61-57B29DCB6B84}.Ad-Hoc|ARM.Build.0 = Release|Any CPU
		{A0395902-57DF-4D25-AF61-57B29DCB6B84}.Ad-Hoc|iPhone.ActiveCfg = Release|Any CPU
		{A0395902-57DF-4D25-AF61-57B29DCB6B84}.Ad-Hoc|iPhone.Build.0 = Release|Any CPU
		{A0395902-57DF-4D25-AF61-57B29DCB6B84}.Ad-Hoc|iPhoneSimulator.ActiveCfg = Release|Any CPU
		{A0395902-57DF-4D25-AF61-57B29DCB6B84}.Ad-Hoc|iPhoneSimulator.Build.0 = Release|Any CPU
		{A0395902-57DF-4D25-AF61-57B29DCB6B84}.Ad-Hoc|x64.ActiveCfg = Release|Any CPU
		{A0395902-57DF-4D25-AF61-57B29DCB6B84}.Ad-Hoc|x64.Build.0 = Release|Any CPU
		{A0395902-57DF-4D25-AF61-57B29DCB6B84}.Ad-Hoc|x86.ActiveCfg = Release|Any CPU
		{A0395902-57DF-4D25-AF61-57B29DCB6B84}.Ad-Hoc|x86.Build.0 = Release|Any CPU
		{A0395902-57DF-4D25-AF61-57B29DCB6B84}.AppStore|Any CPU.ActiveCfg = Release|Any CPU
		{A0395902-57DF-4D25-AF61-57B29DCB6B84}.AppStore|Any CPU.Build.0 = Release|Any CPU
		{A0395902-57DF-4D25-AF61-57B29DCB6B84}.AppStore|ARM.ActiveCfg = Release|Any CPU
		{A0395902-57DF-4D25-AF61-57B29DCB6B84}.AppStore|ARM.Build.0 = Release|Any CPU
		{A0395902-57DF-4D25-AF61-57B29DCB6B84}.AppStore|iPhone.ActiveCfg = Release|Any CPU
		{A0395902-57DF-4D25-AF61-57B29DCB6B84}.AppStore|iPhone.Build.0 = Release|Any CPU
		{A0395902-57DF-4D25-AF61-57B29DCB6B84}.AppStore|iPhoneSimulator.ActiveCfg = Release|Any CPU
		{A0395902-57DF-4D25-AF61-57B29DCB6B84}.AppStore|iPhoneSimulator.Build.0 = Release|Any CPU
		{A0395902-57DF-4D25-AF61-57B29DCB6B84}.AppStore|x64.ActiveCfg = Release|Any CPU
		{A0395902-57DF-4D25-AF61-57B29DCB6B84}.AppStore|x64.Build.0 = Release|Any CPU
		{A0395902-57DF-4D25-AF61-57B29DCB6B84}.AppStore|x86.ActiveCfg = Release|Any CPU
		{A0395902-57DF-4D25-AF61-57B29DCB6B84}.AppStore|x86.Build.0 = Release|Any CPU
		{A0395902-57DF-4D25-AF61-57B29DCB6B84}.Debug|Any CPU.ActiveCfg = Debug|Any CPU
		{A0395902-57DF-4D25-AF61-57B29DCB6B84}.Debug|Any CPU.Build.0 = Debug|Any CPU
		{A0395902-57DF-4D25-AF61-57B29DCB6B84}.Debug|ARM.ActiveCfg = Debug|Any CPU
		{A0395902-57DF-4D25-AF61-57B29DCB6B84}.Debug|ARM.Build.0 = Debug|Any CPU
		{A0395902-57DF-4D25-AF61-57B29DCB6B84}.Debug|iPhone.ActiveCfg = Debug|Any CPU
		{A0395902-57DF-4D25-AF61-57B29DCB6B84}.Debug|iPhone.Build.0 = Debug|Any CPU
		{A0395902-57DF-4D25-AF61-57B29DCB6B84}.Debug|iPhoneSimulator.ActiveCfg = Debug|Any CPU
		{A0395902-57DF-4D25-AF61-57B29DCB6B84}.Debug|iPhoneSimulator.Build.0 = Debug|Any CPU
		{A0395902-57DF-4D25-AF61-57B29DCB6B84}.Debug|x64.ActiveCfg = Debug|Any CPU
		{A0395902-57DF-4D25-AF61-57B29DCB6B84}.Debug|x64.Build.0 = Debug|Any CPU
		{A0395902-57DF-4D25-AF61-57B29DCB6B84}.Debug|x86.ActiveCfg = Debug|Any CPU
		{A0395902-57DF-4D25-AF61-57B29DCB6B84}.Debug|x86.Build.0 = Debug|Any CPU
		{A0395902-57DF-4D25-AF61-57B29DCB6B84}.Development|Any CPU.ActiveCfg = Debug|Any CPU
		{A0395902-57DF-4D25-AF61-57B29DCB6B84}.Development|Any CPU.Build.0 = Debug|Any CPU
		{A0395902-57DF-4D25-AF61-57B29DCB6B84}.Development|ARM.ActiveCfg = Debug|Any CPU
		{A0395902-57DF-4D25-AF61-57B29DCB6B84}.Development|ARM.Build.0 = Debug|Any CPU
		{A0395902-57DF-4D25-AF61-57B29DCB6B84}.Development|iPhone.ActiveCfg = Debug|Any CPU
		{A0395902-57DF-4D25-AF61-57B29DCB6B84}.Development|iPhone.Build.0 = Debug|Any CPU
		{A0395902-57DF-4D25-AF61-57B29DCB6B84}.Development|iPhoneSimulator.ActiveCfg = Debug|Any CPU
		{A0395902-57DF-4D25-AF61-57B29DCB6B84}.Development|iPhoneSimulator.Build.0 = Debug|Any CPU
		{A0395902-57DF-4D25-AF61-57B29DCB6B84}.Development|x64.ActiveCfg = Debug|Any CPU
		{A0395902-57DF-4D25-AF61-57B29DCB6B84}.Development|x64.Build.0 = Debug|Any CPU
		{A0395902-57DF-4D25-AF61-57B29DCB6B84}.Development|x86.ActiveCfg = Debug|Any CPU
		{A0395902-57DF-4D25-AF61-57B29DCB6B84}.Development|x86.Build.0 = Debug|Any CPU
		{A0395902-57DF-4D25-AF61-57B29DCB6B84}.Release|Any CPU.ActiveCfg = Release|Any CPU
		{A0395902-57DF-4D25-AF61-57B29DCB6B84}.Release|Any CPU.Build.0 = Release|Any CPU
		{A0395902-57DF-4D25-AF61-57B29DCB6B84}.Release|ARM.ActiveCfg = Release|Any CPU
		{A0395902-57DF-4D25-AF61-57B29DCB6B84}.Release|ARM.Build.0 = Release|Any CPU
		{A0395902-57DF-4D25-AF61-57B29DCB6B84}.Release|iPhone.ActiveCfg = Release|Any CPU
		{A0395902-57DF-4D25-AF61-57B29DCB6B84}.Release|iPhone.Build.0 = Release|Any CPU
		{A0395902-57DF-4D25-AF61-57B29DCB6B84}.Release|iPhoneSimulator.ActiveCfg = Release|Any CPU
		{A0395902-57DF-4D25-AF61-57B29DCB6B84}.Release|iPhoneSimulator.Build.0 = Release|Any CPU
		{A0395902-57DF-4D25-AF61-57B29DCB6B84}.Release|x64.ActiveCfg = Release|Any CPU
		{A0395902-57DF-4D25-AF61-57B29DCB6B84}.Release|x64.Build.0 = Release|Any CPU
		{A0395902-57DF-4D25-AF61-57B29DCB6B84}.Release|x86.ActiveCfg = Release|Any CPU
		{A0395902-57DF-4D25-AF61-57B29DCB6B84}.Release|x86.Build.0 = Release|Any CPU
		{A0395902-57DF-4D25-AF61-57B29DCB6B84}.Staging|Any CPU.ActiveCfg = Release|Any CPU
		{A0395902-57DF-4D25-AF61-57B29DCB6B84}.Staging|Any CPU.Build.0 = Release|Any CPU
		{A0395902-57DF-4D25-AF61-57B29DCB6B84}.Staging|ARM.ActiveCfg = Release|Any CPU
		{A0395902-57DF-4D25-AF61-57B29DCB6B84}.Staging|ARM.Build.0 = Release|Any CPU
		{A0395902-57DF-4D25-AF61-57B29DCB6B84}.Staging|iPhone.ActiveCfg = Release|Any CPU
		{A0395902-57DF-4D25-AF61-57B29DCB6B84}.Staging|iPhone.Build.0 = Release|Any CPU
		{A0395902-57DF-4D25-AF61-57B29DCB6B84}.Staging|iPhoneSimulator.ActiveCfg = Release|Any CPU
		{A0395902-57DF-4D25-AF61-57B29DCB6B84}.Staging|iPhoneSimulator.Build.0 = Release|Any CPU
		{A0395902-57DF-4D25-AF61-57B29DCB6B84}.Staging|x64.ActiveCfg = Release|Any CPU
		{A0395902-57DF-4D25-AF61-57B29DCB6B84}.Staging|x64.Build.0 = Release|Any CPU
		{A0395902-57DF-4D25-AF61-57B29DCB6B84}.Staging|x86.ActiveCfg = Release|Any CPU
		{A0395902-57DF-4D25-AF61-57B29DCB6B84}.Staging|x86.Build.0 = Release|Any CPU
		{A0395902-57DF-4D25-AF61-57B29DCB6B84}.Test|Any CPU.ActiveCfg = Release|Any CPU
		{A0395902-57DF-4D25-AF61-57B29DCB6B84}.Test|Any CPU.Build.0 = Release|Any CPU
		{A0395902-57DF-4D25-AF61-57B29DCB6B84}.Test|ARM.ActiveCfg = Release|Any CPU
		{A0395902-57DF-4D25-AF61-57B29DCB6B84}.Test|ARM.Build.0 = Release|Any CPU
		{A0395902-57DF-4D25-AF61-57B29DCB6B84}.Test|iPhone.ActiveCfg = Release|Any CPU
		{A0395902-57DF-4D25-AF61-57B29DCB6B84}.Test|iPhone.Build.0 = Release|Any CPU
		{A0395902-57DF-4D25-AF61-57B29DCB6B84}.Test|iPhoneSimulator.ActiveCfg = Release|Any CPU
		{A0395902-57DF-4D25-AF61-57B29DCB6B84}.Test|iPhoneSimulator.Build.0 = Release|Any CPU
		{A0395902-57DF-4D25-AF61-57B29DCB6B84}.Test|x64.ActiveCfg = Release|Any CPU
		{A0395902-57DF-4D25-AF61-57B29DCB6B84}.Test|x64.Build.0 = Release|Any CPU
		{A0395902-57DF-4D25-AF61-57B29DCB6B84}.Test|x86.ActiveCfg = Release|Any CPU
		{A0395902-57DF-4D25-AF61-57B29DCB6B84}.Test|x86.Build.0 = Release|Any CPU
		{1BFA410B-1A87-4E83-B0B9-1A2B5F192663}.Ad-Hoc|Any CPU.ActiveCfg = Release|Any CPU
		{1BFA410B-1A87-4E83-B0B9-1A2B5F192663}.Ad-Hoc|Any CPU.Build.0 = Release|Any CPU
		{1BFA410B-1A87-4E83-B0B9-1A2B5F192663}.Ad-Hoc|ARM.ActiveCfg = Release|Any CPU
		{1BFA410B-1A87-4E83-B0B9-1A2B5F192663}.Ad-Hoc|ARM.Build.0 = Release|Any CPU
		{1BFA410B-1A87-4E83-B0B9-1A2B5F192663}.Ad-Hoc|iPhone.ActiveCfg = Release|Any CPU
		{1BFA410B-1A87-4E83-B0B9-1A2B5F192663}.Ad-Hoc|iPhone.Build.0 = Release|Any CPU
		{1BFA410B-1A87-4E83-B0B9-1A2B5F192663}.Ad-Hoc|iPhoneSimulator.ActiveCfg = Release|Any CPU
		{1BFA410B-1A87-4E83-B0B9-1A2B5F192663}.Ad-Hoc|iPhoneSimulator.Build.0 = Release|Any CPU
		{1BFA410B-1A87-4E83-B0B9-1A2B5F192663}.Ad-Hoc|x64.ActiveCfg = Release|Any CPU
		{1BFA410B-1A87-4E83-B0B9-1A2B5F192663}.Ad-Hoc|x64.Build.0 = Release|Any CPU
		{1BFA410B-1A87-4E83-B0B9-1A2B5F192663}.Ad-Hoc|x86.ActiveCfg = Release|Any CPU
		{1BFA410B-1A87-4E83-B0B9-1A2B5F192663}.Ad-Hoc|x86.Build.0 = Release|Any CPU
		{1BFA410B-1A87-4E83-B0B9-1A2B5F192663}.AppStore|Any CPU.ActiveCfg = Release|Any CPU
		{1BFA410B-1A87-4E83-B0B9-1A2B5F192663}.AppStore|Any CPU.Build.0 = Release|Any CPU
		{1BFA410B-1A87-4E83-B0B9-1A2B5F192663}.AppStore|ARM.ActiveCfg = Release|Any CPU
		{1BFA410B-1A87-4E83-B0B9-1A2B5F192663}.AppStore|ARM.Build.0 = Release|Any CPU
		{1BFA410B-1A87-4E83-B0B9-1A2B5F192663}.AppStore|iPhone.ActiveCfg = Release|Any CPU
		{1BFA410B-1A87-4E83-B0B9-1A2B5F192663}.AppStore|iPhone.Build.0 = Release|Any CPU
		{1BFA410B-1A87-4E83-B0B9-1A2B5F192663}.AppStore|iPhoneSimulator.ActiveCfg = Release|Any CPU
		{1BFA410B-1A87-4E83-B0B9-1A2B5F192663}.AppStore|iPhoneSimulator.Build.0 = Release|Any CPU
		{1BFA410B-1A87-4E83-B0B9-1A2B5F192663}.AppStore|x64.ActiveCfg = Release|Any CPU
		{1BFA410B-1A87-4E83-B0B9-1A2B5F192663}.AppStore|x64.Build.0 = Release|Any CPU
		{1BFA410B-1A87-4E83-B0B9-1A2B5F192663}.AppStore|x86.ActiveCfg = Release|Any CPU
		{1BFA410B-1A87-4E83-B0B9-1A2B5F192663}.AppStore|x86.Build.0 = Release|Any CPU
		{1BFA410B-1A87-4E83-B0B9-1A2B5F192663}.Debug|Any CPU.ActiveCfg = Debug|Any CPU
		{1BFA410B-1A87-4E83-B0B9-1A2B5F192663}.Debug|Any CPU.Build.0 = Debug|Any CPU
		{1BFA410B-1A87-4E83-B0B9-1A2B5F192663}.Debug|ARM.ActiveCfg = Debug|Any CPU
		{1BFA410B-1A87-4E83-B0B9-1A2B5F192663}.Debug|ARM.Build.0 = Debug|Any CPU
		{1BFA410B-1A87-4E83-B0B9-1A2B5F192663}.Debug|iPhone.ActiveCfg = Debug|Any CPU
		{1BFA410B-1A87-4E83-B0B9-1A2B5F192663}.Debug|iPhone.Build.0 = Debug|Any CPU
		{1BFA410B-1A87-4E83-B0B9-1A2B5F192663}.Debug|iPhoneSimulator.ActiveCfg = Debug|Any CPU
		{1BFA410B-1A87-4E83-B0B9-1A2B5F192663}.Debug|iPhoneSimulator.Build.0 = Debug|Any CPU
		{1BFA410B-1A87-4E83-B0B9-1A2B5F192663}.Debug|x64.ActiveCfg = Debug|Any CPU
		{1BFA410B-1A87-4E83-B0B9-1A2B5F192663}.Debug|x64.Build.0 = Debug|Any CPU
		{1BFA410B-1A87-4E83-B0B9-1A2B5F192663}.Debug|x86.ActiveCfg = Debug|Any CPU
		{1BFA410B-1A87-4E83-B0B9-1A2B5F192663}.Debug|x86.Build.0 = Debug|Any CPU
		{1BFA410B-1A87-4E83-B0B9-1A2B5F192663}.Development|Any CPU.ActiveCfg = Debug|Any CPU
		{1BFA410B-1A87-4E83-B0B9-1A2B5F192663}.Development|Any CPU.Build.0 = Debug|Any CPU
		{1BFA410B-1A87-4E83-B0B9-1A2B5F192663}.Development|ARM.ActiveCfg = Debug|Any CPU
		{1BFA410B-1A87-4E83-B0B9-1A2B5F192663}.Development|ARM.Build.0 = Debug|Any CPU
		{1BFA410B-1A87-4E83-B0B9-1A2B5F192663}.Development|iPhone.ActiveCfg = Debug|Any CPU
		{1BFA410B-1A87-4E83-B0B9-1A2B5F192663}.Development|iPhone.Build.0 = Debug|Any CPU
		{1BFA410B-1A87-4E83-B0B9-1A2B5F192663}.Development|iPhoneSimulator.ActiveCfg = Debug|Any CPU
		{1BFA410B-1A87-4E83-B0B9-1A2B5F192663}.Development|iPhoneSimulator.Build.0 = Debug|Any CPU
		{1BFA410B-1A87-4E83-B0B9-1A2B5F192663}.Development|x64.ActiveCfg = Debug|Any CPU
		{1BFA410B-1A87-4E83-B0B9-1A2B5F192663}.Development|x64.Build.0 = Debug|Any CPU
		{1BFA410B-1A87-4E83-B0B9-1A2B5F192663}.Development|x86.ActiveCfg = Debug|Any CPU
		{1BFA410B-1A87-4E83-B0B9-1A2B5F192663}.Development|x86.Build.0 = Debug|Any CPU
		{1BFA410B-1A87-4E83-B0B9-1A2B5F192663}.Release|Any CPU.ActiveCfg = Release|Any CPU
		{1BFA410B-1A87-4E83-B0B9-1A2B5F192663}.Release|Any CPU.Build.0 = Release|Any CPU
		{1BFA410B-1A87-4E83-B0B9-1A2B5F192663}.Release|ARM.ActiveCfg = Release|Any CPU
		{1BFA410B-1A87-4E83-B0B9-1A2B5F192663}.Release|ARM.Build.0 = Release|Any CPU
		{1BFA410B-1A87-4E83-B0B9-1A2B5F192663}.Release|iPhone.ActiveCfg = Release|Any CPU
		{1BFA410B-1A87-4E83-B0B9-1A2B5F192663}.Release|iPhone.Build.0 = Release|Any CPU
		{1BFA410B-1A87-4E83-B0B9-1A2B5F192663}.Release|iPhoneSimulator.ActiveCfg = Release|Any CPU
		{1BFA410B-1A87-4E83-B0B9-1A2B5F192663}.Release|iPhoneSimulator.Build.0 = Release|Any CPU
		{1BFA410B-1A87-4E83-B0B9-1A2B5F192663}.Release|x64.ActiveCfg = Release|Any CPU
		{1BFA410B-1A87-4E83-B0B9-1A2B5F192663}.Release|x64.Build.0 = Release|Any CPU
		{1BFA410B-1A87-4E83-B0B9-1A2B5F192663}.Release|x86.ActiveCfg = Release|Any CPU
		{1BFA410B-1A87-4E83-B0B9-1A2B5F192663}.Release|x86.Build.0 = Release|Any CPU
		{1BFA410B-1A87-4E83-B0B9-1A2B5F192663}.Staging|Any CPU.ActiveCfg = Release|Any CPU
		{1BFA410B-1A87-4E83-B0B9-1A2B5F192663}.Staging|Any CPU.Build.0 = Release|Any CPU
		{1BFA410B-1A87-4E83-B0B9-1A2B5F192663}.Staging|ARM.ActiveCfg = Release|Any CPU
		{1BFA410B-1A87-4E83-B0B9-1A2B5F192663}.Staging|ARM.Build.0 = Release|Any CPU
		{1BFA410B-1A87-4E83-B0B9-1A2B5F192663}.Staging|iPhone.ActiveCfg = Release|Any CPU
		{1BFA410B-1A87-4E83-B0B9-1A2B5F192663}.Staging|iPhone.Build.0 = Release|Any CPU
		{1BFA410B-1A87-4E83-B0B9-1A2B5F192663}.Staging|iPhoneSimulator.ActiveCfg = Release|Any CPU
		{1BFA410B-1A87-4E83-B0B9-1A2B5F192663}.Staging|iPhoneSimulator.Build.0 = Release|Any CPU
		{1BFA410B-1A87-4E83-B0B9-1A2B5F192663}.Staging|x64.ActiveCfg = Release|Any CPU
		{1BFA410B-1A87-4E83-B0B9-1A2B5F192663}.Staging|x64.Build.0 = Release|Any CPU
		{1BFA410B-1A87-4E83-B0B9-1A2B5F192663}.Staging|x86.ActiveCfg = Release|Any CPU
		{1BFA410B-1A87-4E83-B0B9-1A2B5F192663}.Staging|x86.Build.0 = Release|Any CPU
		{1BFA410B-1A87-4E83-B0B9-1A2B5F192663}.Test|Any CPU.ActiveCfg = Release|Any CPU
		{1BFA410B-1A87-4E83-B0B9-1A2B5F192663}.Test|Any CPU.Build.0 = Release|Any CPU
		{1BFA410B-1A87-4E83-B0B9-1A2B5F192663}.Test|ARM.ActiveCfg = Release|Any CPU
		{1BFA410B-1A87-4E83-B0B9-1A2B5F192663}.Test|ARM.Build.0 = Release|Any CPU
		{1BFA410B-1A87-4E83-B0B9-1A2B5F192663}.Test|iPhone.ActiveCfg = Release|Any CPU
		{1BFA410B-1A87-4E83-B0B9-1A2B5F192663}.Test|iPhone.Build.0 = Release|Any CPU
		{1BFA410B-1A87-4E83-B0B9-1A2B5F192663}.Test|iPhoneSimulator.ActiveCfg = Release|Any CPU
		{1BFA410B-1A87-4E83-B0B9-1A2B5F192663}.Test|iPhoneSimulator.Build.0 = Release|Any CPU
		{1BFA410B-1A87-4E83-B0B9-1A2B5F192663}.Test|x64.ActiveCfg = Release|Any CPU
		{1BFA410B-1A87-4E83-B0B9-1A2B5F192663}.Test|x64.Build.0 = Release|Any CPU
		{1BFA410B-1A87-4E83-B0B9-1A2B5F192663}.Test|x86.ActiveCfg = Release|Any CPU
		{1BFA410B-1A87-4E83-B0B9-1A2B5F192663}.Test|x86.Build.0 = Release|Any CPU
		{BD918597-1B79-4EBF-B4A2-3F2BE1F93BE2}.Ad-Hoc|Any CPU.ActiveCfg = Release|Any CPU
		{BD918597-1B79-4EBF-B4A2-3F2BE1F93BE2}.Ad-Hoc|Any CPU.Build.0 = Release|Any CPU
		{BD918597-1B79-4EBF-B4A2-3F2BE1F93BE2}.Ad-Hoc|ARM.ActiveCfg = Release|Any CPU
		{BD918597-1B79-4EBF-B4A2-3F2BE1F93BE2}.Ad-Hoc|ARM.Build.0 = Release|Any CPU
		{BD918597-1B79-4EBF-B4A2-3F2BE1F93BE2}.Ad-Hoc|iPhone.ActiveCfg = Release|Any CPU
		{BD918597-1B79-4EBF-B4A2-3F2BE1F93BE2}.Ad-Hoc|iPhone.Build.0 = Release|Any CPU
		{BD918597-1B79-4EBF-B4A2-3F2BE1F93BE2}.Ad-Hoc|iPhoneSimulator.ActiveCfg = Release|Any CPU
		{BD918597-1B79-4EBF-B4A2-3F2BE1F93BE2}.Ad-Hoc|iPhoneSimulator.Build.0 = Release|Any CPU
		{BD918597-1B79-4EBF-B4A2-3F2BE1F93BE2}.Ad-Hoc|x64.ActiveCfg = Release|Any CPU
		{BD918597-1B79-4EBF-B4A2-3F2BE1F93BE2}.Ad-Hoc|x64.Build.0 = Release|Any CPU
		{BD918597-1B79-4EBF-B4A2-3F2BE1F93BE2}.Ad-Hoc|x86.ActiveCfg = Release|Any CPU
		{BD918597-1B79-4EBF-B4A2-3F2BE1F93BE2}.Ad-Hoc|x86.Build.0 = Release|Any CPU
		{BD918597-1B79-4EBF-B4A2-3F2BE1F93BE2}.AppStore|Any CPU.ActiveCfg = Release|Any CPU
		{BD918597-1B79-4EBF-B4A2-3F2BE1F93BE2}.AppStore|Any CPU.Build.0 = Release|Any CPU
		{BD918597-1B79-4EBF-B4A2-3F2BE1F93BE2}.AppStore|ARM.ActiveCfg = Release|Any CPU
		{BD918597-1B79-4EBF-B4A2-3F2BE1F93BE2}.AppStore|ARM.Build.0 = Release|Any CPU
		{BD918597-1B79-4EBF-B4A2-3F2BE1F93BE2}.AppStore|iPhone.ActiveCfg = Release|Any CPU
		{BD918597-1B79-4EBF-B4A2-3F2BE1F93BE2}.AppStore|iPhone.Build.0 = Release|Any CPU
		{BD918597-1B79-4EBF-B4A2-3F2BE1F93BE2}.AppStore|iPhoneSimulator.ActiveCfg = Release|Any CPU
		{BD918597-1B79-4EBF-B4A2-3F2BE1F93BE2}.AppStore|iPhoneSimulator.Build.0 = Release|Any CPU
		{BD918597-1B79-4EBF-B4A2-3F2BE1F93BE2}.AppStore|x64.ActiveCfg = Release|Any CPU
		{BD918597-1B79-4EBF-B4A2-3F2BE1F93BE2}.AppStore|x64.Build.0 = Release|Any CPU
		{BD918597-1B79-4EBF-B4A2-3F2BE1F93BE2}.AppStore|x86.ActiveCfg = Release|Any CPU
		{BD918597-1B79-4EBF-B4A2-3F2BE1F93BE2}.AppStore|x86.Build.0 = Release|Any CPU
		{BD918597-1B79-4EBF-B4A2-3F2BE1F93BE2}.Debug|Any CPU.ActiveCfg = Debug|Any CPU
		{BD918597-1B79-4EBF-B4A2-3F2BE1F93BE2}.Debug|Any CPU.Build.0 = Debug|Any CPU
		{BD918597-1B79-4EBF-B4A2-3F2BE1F93BE2}.Debug|ARM.ActiveCfg = Debug|Any CPU
		{BD918597-1B79-4EBF-B4A2-3F2BE1F93BE2}.Debug|ARM.Build.0 = Debug|Any CPU
		{BD918597-1B79-4EBF-B4A2-3F2BE1F93BE2}.Debug|iPhone.ActiveCfg = Debug|Any CPU
		{BD918597-1B79-4EBF-B4A2-3F2BE1F93BE2}.Debug|iPhone.Build.0 = Debug|Any CPU
		{BD918597-1B79-4EBF-B4A2-3F2BE1F93BE2}.Debug|iPhoneSimulator.ActiveCfg = Debug|Any CPU
		{BD918597-1B79-4EBF-B4A2-3F2BE1F93BE2}.Debug|iPhoneSimulator.Build.0 = Debug|Any CPU
		{BD918597-1B79-4EBF-B4A2-3F2BE1F93BE2}.Debug|x64.ActiveCfg = Debug|Any CPU
		{BD918597-1B79-4EBF-B4A2-3F2BE1F93BE2}.Debug|x64.Build.0 = Debug|Any CPU
		{BD918597-1B79-4EBF-B4A2-3F2BE1F93BE2}.Debug|x86.ActiveCfg = Debug|Any CPU
		{BD918597-1B79-4EBF-B4A2-3F2BE1F93BE2}.Debug|x86.Build.0 = Debug|Any CPU
		{BD918597-1B79-4EBF-B4A2-3F2BE1F93BE2}.Development|Any CPU.ActiveCfg = Debug|Any CPU
		{BD918597-1B79-4EBF-B4A2-3F2BE1F93BE2}.Development|Any CPU.Build.0 = Debug|Any CPU
		{BD918597-1B79-4EBF-B4A2-3F2BE1F93BE2}.Development|ARM.ActiveCfg = Debug|Any CPU
		{BD918597-1B79-4EBF-B4A2-3F2BE1F93BE2}.Development|ARM.Build.0 = Debug|Any CPU
		{BD918597-1B79-4EBF-B4A2-3F2BE1F93BE2}.Development|iPhone.ActiveCfg = Debug|Any CPU
		{BD918597-1B79-4EBF-B4A2-3F2BE1F93BE2}.Development|iPhone.Build.0 = Debug|Any CPU
		{BD918597-1B79-4EBF-B4A2-3F2BE1F93BE2}.Development|iPhoneSimulator.ActiveCfg = Debug|Any CPU
		{BD918597-1B79-4EBF-B4A2-3F2BE1F93BE2}.Development|iPhoneSimulator.Build.0 = Debug|Any CPU
		{BD918597-1B79-4EBF-B4A2-3F2BE1F93BE2}.Development|x64.ActiveCfg = Debug|Any CPU
		{BD918597-1B79-4EBF-B4A2-3F2BE1F93BE2}.Development|x64.Build.0 = Debug|Any CPU
		{BD918597-1B79-4EBF-B4A2-3F2BE1F93BE2}.Development|x86.ActiveCfg = Debug|Any CPU
		{BD918597-1B79-4EBF-B4A2-3F2BE1F93BE2}.Development|x86.Build.0 = Debug|Any CPU
		{BD918597-1B79-4EBF-B4A2-3F2BE1F93BE2}.Release|Any CPU.ActiveCfg = Release|Any CPU
		{BD918597-1B79-4EBF-B4A2-3F2BE1F93BE2}.Release|Any CPU.Build.0 = Release|Any CPU
		{BD918597-1B79-4EBF-B4A2-3F2BE1F93BE2}.Release|ARM.ActiveCfg = Release|Any CPU
		{BD918597-1B79-4EBF-B4A2-3F2BE1F93BE2}.Release|ARM.Build.0 = Release|Any CPU
		{BD918597-1B79-4EBF-B4A2-3F2BE1F93BE2}.Release|iPhone.ActiveCfg = Release|Any CPU
		{BD918597-1B79-4EBF-B4A2-3F2BE1F93BE2}.Release|iPhone.Build.0 = Release|Any CPU
		{BD918597-1B79-4EBF-B4A2-3F2BE1F93BE2}.Release|iPhoneSimulator.ActiveCfg = Release|Any CPU
		{BD918597-1B79-4EBF-B4A2-3F2BE1F93BE2}.Release|iPhoneSimulator.Build.0 = Release|Any CPU
		{BD918597-1B79-4EBF-B4A2-3F2BE1F93BE2}.Release|x64.ActiveCfg = Release|Any CPU
		{BD918597-1B79-4EBF-B4A2-3F2BE1F93BE2}.Release|x64.Build.0 = Release|Any CPU
		{BD918597-1B79-4EBF-B4A2-3F2BE1F93BE2}.Release|x86.ActiveCfg = Release|Any CPU
		{BD918597-1B79-4EBF-B4A2-3F2BE1F93BE2}.Release|x86.Build.0 = Release|Any CPU
		{BD918597-1B79-4EBF-B4A2-3F2BE1F93BE2}.Staging|Any CPU.ActiveCfg = Release|Any CPU
		{BD918597-1B79-4EBF-B4A2-3F2BE1F93BE2}.Staging|Any CPU.Build.0 = Release|Any CPU
		{BD918597-1B79-4EBF-B4A2-3F2BE1F93BE2}.Staging|ARM.ActiveCfg = Release|Any CPU
		{BD918597-1B79-4EBF-B4A2-3F2BE1F93BE2}.Staging|ARM.Build.0 = Release|Any CPU
		{BD918597-1B79-4EBF-B4A2-3F2BE1F93BE2}.Staging|iPhone.ActiveCfg = Release|Any CPU
		{BD918597-1B79-4EBF-B4A2-3F2BE1F93BE2}.Staging|iPhone.Build.0 = Release|Any CPU
		{BD918597-1B79-4EBF-B4A2-3F2BE1F93BE2}.Staging|iPhoneSimulator.ActiveCfg = Release|Any CPU
		{BD918597-1B79-4EBF-B4A2-3F2BE1F93BE2}.Staging|iPhoneSimulator.Build.0 = Release|Any CPU
		{BD918597-1B79-4EBF-B4A2-3F2BE1F93BE2}.Staging|x64.ActiveCfg = Release|Any CPU
		{BD918597-1B79-4EBF-B4A2-3F2BE1F93BE2}.Staging|x64.Build.0 = Release|Any CPU
		{BD918597-1B79-4EBF-B4A2-3F2BE1F93BE2}.Staging|x86.ActiveCfg = Release|Any CPU
		{BD918597-1B79-4EBF-B4A2-3F2BE1F93BE2}.Staging|x86.Build.0 = Release|Any CPU
		{BD918597-1B79-4EBF-B4A2-3F2BE1F93BE2}.Test|Any CPU.ActiveCfg = Release|Any CPU
		{BD918597-1B79-4EBF-B4A2-3F2BE1F93BE2}.Test|Any CPU.Build.0 = Release|Any CPU
		{BD918597-1B79-4EBF-B4A2-3F2BE1F93BE2}.Test|ARM.ActiveCfg = Release|Any CPU
		{BD918597-1B79-4EBF-B4A2-3F2BE1F93BE2}.Test|ARM.Build.0 = Release|Any CPU
		{BD918597-1B79-4EBF-B4A2-3F2BE1F93BE2}.Test|iPhone.ActiveCfg = Release|Any CPU
		{BD918597-1B79-4EBF-B4A2-3F2BE1F93BE2}.Test|iPhone.Build.0 = Release|Any CPU
		{BD918597-1B79-4EBF-B4A2-3F2BE1F93BE2}.Test|iPhoneSimulator.ActiveCfg = Release|Any CPU
		{BD918597-1B79-4EBF-B4A2-3F2BE1F93BE2}.Test|iPhoneSimulator.Build.0 = Release|Any CPU
		{BD918597-1B79-4EBF-B4A2-3F2BE1F93BE2}.Test|x64.ActiveCfg = Release|Any CPU
		{BD918597-1B79-4EBF-B4A2-3F2BE1F93BE2}.Test|x64.Build.0 = Release|Any CPU
		{BD918597-1B79-4EBF-B4A2-3F2BE1F93BE2}.Test|x86.ActiveCfg = Release|Any CPU
		{BD918597-1B79-4EBF-B4A2-3F2BE1F93BE2}.Test|x86.Build.0 = Release|Any CPU
		{3F6AE00C-6E00-4A9C-A3F5-43842AD84E21}.Ad-Hoc|Any CPU.ActiveCfg = Release|Any CPU
		{3F6AE00C-6E00-4A9C-A3F5-43842AD84E21}.Ad-Hoc|Any CPU.Build.0 = Release|Any CPU
		{3F6AE00C-6E00-4A9C-A3F5-43842AD84E21}.Ad-Hoc|ARM.ActiveCfg = Release|Any CPU
		{3F6AE00C-6E00-4A9C-A3F5-43842AD84E21}.Ad-Hoc|ARM.Build.0 = Release|Any CPU
		{3F6AE00C-6E00-4A9C-A3F5-43842AD84E21}.Ad-Hoc|iPhone.ActiveCfg = Release|Any CPU
		{3F6AE00C-6E00-4A9C-A3F5-43842AD84E21}.Ad-Hoc|iPhone.Build.0 = Release|Any CPU
		{3F6AE00C-6E00-4A9C-A3F5-43842AD84E21}.Ad-Hoc|iPhoneSimulator.ActiveCfg = Release|Any CPU
		{3F6AE00C-6E00-4A9C-A3F5-43842AD84E21}.Ad-Hoc|iPhoneSimulator.Build.0 = Release|Any CPU
		{3F6AE00C-6E00-4A9C-A3F5-43842AD84E21}.Ad-Hoc|x64.ActiveCfg = Release|Any CPU
		{3F6AE00C-6E00-4A9C-A3F5-43842AD84E21}.Ad-Hoc|x64.Build.0 = Release|Any CPU
		{3F6AE00C-6E00-4A9C-A3F5-43842AD84E21}.Ad-Hoc|x86.ActiveCfg = Release|Any CPU
		{3F6AE00C-6E00-4A9C-A3F5-43842AD84E21}.Ad-Hoc|x86.Build.0 = Release|Any CPU
		{3F6AE00C-6E00-4A9C-A3F5-43842AD84E21}.AppStore|Any CPU.ActiveCfg = Release|Any CPU
		{3F6AE00C-6E00-4A9C-A3F5-43842AD84E21}.AppStore|Any CPU.Build.0 = Release|Any CPU
		{3F6AE00C-6E00-4A9C-A3F5-43842AD84E21}.AppStore|ARM.ActiveCfg = Release|Any CPU
		{3F6AE00C-6E00-4A9C-A3F5-43842AD84E21}.AppStore|ARM.Build.0 = Release|Any CPU
		{3F6AE00C-6E00-4A9C-A3F5-43842AD84E21}.AppStore|iPhone.ActiveCfg = Release|Any CPU
		{3F6AE00C-6E00-4A9C-A3F5-43842AD84E21}.AppStore|iPhone.Build.0 = Release|Any CPU
		{3F6AE00C-6E00-4A9C-A3F5-43842AD84E21}.AppStore|iPhoneSimulator.ActiveCfg = Release|Any CPU
		{3F6AE00C-6E00-4A9C-A3F5-43842AD84E21}.AppStore|iPhoneSimulator.Build.0 = Release|Any CPU
		{3F6AE00C-6E00-4A9C-A3F5-43842AD84E21}.AppStore|x64.ActiveCfg = Release|Any CPU
		{3F6AE00C-6E00-4A9C-A3F5-43842AD84E21}.AppStore|x64.Build.0 = Release|Any CPU
		{3F6AE00C-6E00-4A9C-A3F5-43842AD84E21}.AppStore|x86.ActiveCfg = Release|Any CPU
		{3F6AE00C-6E00-4A9C-A3F5-43842AD84E21}.AppStore|x86.Build.0 = Release|Any CPU
		{3F6AE00C-6E00-4A9C-A3F5-43842AD84E21}.Debug|Any CPU.ActiveCfg = Debug|Any CPU
		{3F6AE00C-6E00-4A9C-A3F5-43842AD84E21}.Debug|Any CPU.Build.0 = Debug|Any CPU
		{3F6AE00C-6E00-4A9C-A3F5-43842AD84E21}.Debug|ARM.ActiveCfg = Debug|Any CPU
		{3F6AE00C-6E00-4A9C-A3F5-43842AD84E21}.Debug|ARM.Build.0 = Debug|Any CPU
		{3F6AE00C-6E00-4A9C-A3F5-43842AD84E21}.Debug|iPhone.ActiveCfg = Debug|Any CPU
		{3F6AE00C-6E00-4A9C-A3F5-43842AD84E21}.Debug|iPhone.Build.0 = Debug|Any CPU
		{3F6AE00C-6E00-4A9C-A3F5-43842AD84E21}.Debug|iPhoneSimulator.ActiveCfg = Debug|Any CPU
		{3F6AE00C-6E00-4A9C-A3F5-43842AD84E21}.Debug|iPhoneSimulator.Build.0 = Debug|Any CPU
		{3F6AE00C-6E00-4A9C-A3F5-43842AD84E21}.Debug|x64.ActiveCfg = Debug|Any CPU
		{3F6AE00C-6E00-4A9C-A3F5-43842AD84E21}.Debug|x64.Build.0 = Debug|Any CPU
		{3F6AE00C-6E00-4A9C-A3F5-43842AD84E21}.Debug|x86.ActiveCfg = Debug|Any CPU
		{3F6AE00C-6E00-4A9C-A3F5-43842AD84E21}.Debug|x86.Build.0 = Debug|Any CPU
		{3F6AE00C-6E00-4A9C-A3F5-43842AD84E21}.Development|Any CPU.ActiveCfg = Debug|Any CPU
		{3F6AE00C-6E00-4A9C-A3F5-43842AD84E21}.Development|Any CPU.Build.0 = Debug|Any CPU
		{3F6AE00C-6E00-4A9C-A3F5-43842AD84E21}.Development|ARM.ActiveCfg = Debug|Any CPU
		{3F6AE00C-6E00-4A9C-A3F5-43842AD84E21}.Development|ARM.Build.0 = Debug|Any CPU
		{3F6AE00C-6E00-4A9C-A3F5-43842AD84E21}.Development|iPhone.ActiveCfg = Debug|Any CPU
		{3F6AE00C-6E00-4A9C-A3F5-43842AD84E21}.Development|iPhone.Build.0 = Debug|Any CPU
		{3F6AE00C-6E00-4A9C-A3F5-43842AD84E21}.Development|iPhoneSimulator.ActiveCfg = Debug|Any CPU
		{3F6AE00C-6E00-4A9C-A3F5-43842AD84E21}.Development|iPhoneSimulator.Build.0 = Debug|Any CPU
		{3F6AE00C-6E00-4A9C-A3F5-43842AD84E21}.Development|x64.ActiveCfg = Debug|Any CPU
		{3F6AE00C-6E00-4A9C-A3F5-43842AD84E21}.Development|x64.Build.0 = Debug|Any CPU
		{3F6AE00C-6E00-4A9C-A3F5-43842AD84E21}.Development|x86.ActiveCfg = Debug|Any CPU
		{3F6AE00C-6E00-4A9C-A3F5-43842AD84E21}.Development|x86.Build.0 = Debug|Any CPU
		{3F6AE00C-6E00-4A9C-A3F5-43842AD84E21}.Release|Any CPU.ActiveCfg = Release|Any CPU
		{3F6AE00C-6E00-4A9C-A3F5-43842AD84E21}.Release|Any CPU.Build.0 = Release|Any CPU
		{3F6AE00C-6E00-4A9C-A3F5-43842AD84E21}.Release|ARM.ActiveCfg = Release|Any CPU
		{3F6AE00C-6E00-4A9C-A3F5-43842AD84E21}.Release|ARM.Build.0 = Release|Any CPU
		{3F6AE00C-6E00-4A9C-A3F5-43842AD84E21}.Release|iPhone.ActiveCfg = Release|Any CPU
		{3F6AE00C-6E00-4A9C-A3F5-43842AD84E21}.Release|iPhone.Build.0 = Release|Any CPU
		{3F6AE00C-6E00-4A9C-A3F5-43842AD84E21}.Release|iPhoneSimulator.ActiveCfg = Release|Any CPU
		{3F6AE00C-6E00-4A9C-A3F5-43842AD84E21}.Release|iPhoneSimulator.Build.0 = Release|Any CPU
		{3F6AE00C-6E00-4A9C-A3F5-43842AD84E21}.Release|x64.ActiveCfg = Release|Any CPU
		{3F6AE00C-6E00-4A9C-A3F5-43842AD84E21}.Release|x64.Build.0 = Release|Any CPU
		{3F6AE00C-6E00-4A9C-A3F5-43842AD84E21}.Release|x86.ActiveCfg = Release|Any CPU
		{3F6AE00C-6E00-4A9C-A3F5-43842AD84E21}.Release|x86.Build.0 = Release|Any CPU
		{3F6AE00C-6E00-4A9C-A3F5-43842AD84E21}.Staging|Any CPU.ActiveCfg = Release|Any CPU
		{3F6AE00C-6E00-4A9C-A3F5-43842AD84E21}.Staging|Any CPU.Build.0 = Release|Any CPU
		{3F6AE00C-6E00-4A9C-A3F5-43842AD84E21}.Staging|ARM.ActiveCfg = Release|Any CPU
		{3F6AE00C-6E00-4A9C-A3F5-43842AD84E21}.Staging|ARM.Build.0 = Release|Any CPU
		{3F6AE00C-6E00-4A9C-A3F5-43842AD84E21}.Staging|iPhone.ActiveCfg = Release|Any CPU
		{3F6AE00C-6E00-4A9C-A3F5-43842AD84E21}.Staging|iPhone.Build.0 = Release|Any CPU
		{3F6AE00C-6E00-4A9C-A3F5-43842AD84E21}.Staging|iPhoneSimulator.ActiveCfg = Release|Any CPU
		{3F6AE00C-6E00-4A9C-A3F5-43842AD84E21}.Staging|iPhoneSimulator.Build.0 = Release|Any CPU
		{3F6AE00C-6E00-4A9C-A3F5-43842AD84E21}.Staging|x64.ActiveCfg = Release|Any CPU
		{3F6AE00C-6E00-4A9C-A3F5-43842AD84E21}.Staging|x64.Build.0 = Release|Any CPU
		{3F6AE00C-6E00-4A9C-A3F5-43842AD84E21}.Staging|x86.ActiveCfg = Release|Any CPU
		{3F6AE00C-6E00-4A9C-A3F5-43842AD84E21}.Staging|x86.Build.0 = Release|Any CPU
		{3F6AE00C-6E00-4A9C-A3F5-43842AD84E21}.Test|Any CPU.ActiveCfg = Release|Any CPU
		{3F6AE00C-6E00-4A9C-A3F5-43842AD84E21}.Test|Any CPU.Build.0 = Release|Any CPU
		{3F6AE00C-6E00-4A9C-A3F5-43842AD84E21}.Test|ARM.ActiveCfg = Release|Any CPU
		{3F6AE00C-6E00-4A9C-A3F5-43842AD84E21}.Test|ARM.Build.0 = Release|Any CPU
		{3F6AE00C-6E00-4A9C-A3F5-43842AD84E21}.Test|iPhone.ActiveCfg = Release|Any CPU
		{3F6AE00C-6E00-4A9C-A3F5-43842AD84E21}.Test|iPhone.Build.0 = Release|Any CPU
		{3F6AE00C-6E00-4A9C-A3F5-43842AD84E21}.Test|iPhoneSimulator.ActiveCfg = Release|Any CPU
		{3F6AE00C-6E00-4A9C-A3F5-43842AD84E21}.Test|iPhoneSimulator.Build.0 = Release|Any CPU
		{3F6AE00C-6E00-4A9C-A3F5-43842AD84E21}.Test|x64.ActiveCfg = Release|Any CPU
		{3F6AE00C-6E00-4A9C-A3F5-43842AD84E21}.Test|x64.Build.0 = Release|Any CPU
		{3F6AE00C-6E00-4A9C-A3F5-43842AD84E21}.Test|x86.ActiveCfg = Release|Any CPU
		{3F6AE00C-6E00-4A9C-A3F5-43842AD84E21}.Test|x86.Build.0 = Release|Any CPU
	EndGlobalSection
	GlobalSection(SolutionProperties) = preSolution
		HideSolutionNode = FALSE
	EndGlobalSection
	GlobalSection(NestedProjects) = preSolution
		{77A6D5B1-E1F2-4D3D-9062-ADF0B46A254E} = {CE47A75E-C4C1-4B12-B3C7-0B1E2032DEC0}
		{E4D1AD84-04D7-481A-95A8-7A290DFE0A93} = {CE47A75E-C4C1-4B12-B3C7-0B1E2032DEC0}
		{A0395902-57DF-4D25-AF61-57B29DCB6B84} = {77A6D5B1-E1F2-4D3D-9062-ADF0B46A254E}
		{1BFA410B-1A87-4E83-B0B9-1A2B5F192663} = {77A6D5B1-E1F2-4D3D-9062-ADF0B46A254E}
		{BD918597-1B79-4EBF-B4A2-3F2BE1F93BE2} = {77A6D5B1-E1F2-4D3D-9062-ADF0B46A254E}
		{3F6AE00C-6E00-4A9C-A3F5-43842AD84E21} = {E4D1AD84-04D7-481A-95A8-7A290DFE0A93}
	EndGlobalSection
	GlobalSection(ExtensibilityGlobals) = postSolution
		SolutionGuid = {E4CF0A3C-C56B-49E7-A1CE-89FB368350D6}
	EndGlobalSection
EndGlobal
